// !$*UTF8*$!
{
	archiveVersion = 1;
	classes = {
	};
	objectVersion = 50;
	objects = {

/* Begin PBXBuildFile section */
		A50E29F5287ED045000CEA12 /* UIApplication+Singleton.swift in Sources */ = {isa = PBXBuildFile; fileRef = A50E29F4287ED045000CEA12 /* UIApplication+Singleton.swift */; };
		A50E29F6287ED045000CEA12 /* UIApplication+Singleton.swift in Sources */ = {isa = PBXBuildFile; fileRef = A50E29F4287ED045000CEA12 /* UIApplication+Singleton.swift */; };
		A50E29F7287ED045000CEA12 /* UIApplication+Singleton.swift in Sources */ = {isa = PBXBuildFile; fileRef = A50E29F4287ED045000CEA12 /* UIApplication+Singleton.swift */; };
		A571E4F828991186007799CF /* AppDatabase.swift in Sources */ = {isa = PBXBuildFile; fileRef = A571E4F728991186007799CF /* AppDatabase.swift */; };
		A571E4F928991186007799CF /* AppDatabase.swift in Sources */ = {isa = PBXBuildFile; fileRef = A571E4F728991186007799CF /* AppDatabase.swift */; };
		A571E4FA28991186007799CF /* AppDatabase.swift in Sources */ = {isa = PBXBuildFile; fileRef = A571E4F728991186007799CF /* AppDatabase.swift */; };
		CF60D9DD278B0F7E0023AD52 /* AppDelegate.swift in Sources */ = {isa = PBXBuildFile; fileRef = CF60D9DC278B0F7E0023AD52 /* AppDelegate.swift */; };
		CF60D9E1278B0F7E0023AD52 /* ViewController.swift in Sources */ = {isa = PBXBuildFile; fileRef = CF60D9E0278B0F7E0023AD52 /* ViewController.swift */; };
		CF60D9E6278B0F810023AD52 /* Assets.xcassets in Resources */ = {isa = PBXBuildFile; fileRef = CF60D9E5278B0F810023AD52 /* Assets.xcassets */; };
		CF60D9E9278B0F810023AD52 /* LaunchScreen.storyboard in Resources */ = {isa = PBXBuildFile; fileRef = CF60D9E7278B0F810023AD52 /* LaunchScreen.storyboard */; };
		CF60D9F4278B0F820023AD52 /* MajicaTests.swift in Sources */ = {isa = PBXBuildFile; fileRef = CF60D9F3278B0F820023AD52 /* MajicaTests.swift */; };
		CF60D9FF278B0F820023AD52 /* MajicaUITests.swift in Sources */ = {isa = PBXBuildFile; fileRef = CF60D9FE278B0F820023AD52 /* MajicaUITests.swift */; };
		CF60DA9B278B19A90023AD52 /* MUtility.framework in Frameworks */ = {isa = PBXBuildFile; fileRef = CF60DA9A278B19A80023AD52 /* MUtility.framework */; };
		CF60DA9C278B19A90023AD52 /* MUtility.framework in Embed Frameworks */ = {isa = PBXBuildFile; fileRef = CF60DA9A278B19A80023AD52 /* MUtility.framework */; settings = {ATTRIBUTES = (CodeSignOnCopy, RemoveHeadersOnCopy, ); }; };
		CF60DAA2278B1ABC0023AD52 /* LaunchScreenStg.storyboard in Resources */ = {isa = PBXBuildFile; fileRef = CF60DAA1278B1ABC0023AD52 /* LaunchScreenStg.storyboard */; };
		CF60DAA6278B1AD00023AD52 /* LaunchScreenDev.storyboard in Resources */ = {isa = PBXBuildFile; fileRef = CF60DAA5278B1AD00023AD52 /* LaunchScreenDev.storyboard */; };
		CF60DB03278B201F0023AD52 /* MResources.framework in Frameworks */ = {isa = PBXBuildFile; fileRef = CF60DB02278B201F0023AD52 /* MResources.framework */; };
		CF60DB04278B201F0023AD52 /* MResources.framework in Embed Frameworks */ = {isa = PBXBuildFile; fileRef = CF60DB02278B201F0023AD52 /* MResources.framework */; settings = {ATTRIBUTES = (CodeSignOnCopy, RemoveHeadersOnCopy, ); }; };
		CFE98ED6278D1E8200302301 /* AppSessionManagerType.swift in Sources */ = {isa = PBXBuildFile; fileRef = CFE98ED5278D1E8200302301 /* AppSessionManagerType.swift */; };
		CFE98EDE278D1EA200302301 /* MUIComponents.framework in Frameworks */ = {isa = PBXBuildFile; fileRef = CFE98EDD278D1EA200302301 /* MUIComponents.framework */; };
		CFE98EDF278D1EA200302301 /* MUIComponents.framework in Embed Frameworks */ = {isa = PBXBuildFile; fileRef = CFE98EDD278D1EA200302301 /* MUIComponents.framework */; settings = {ATTRIBUTES = (CodeSignOnCopy, RemoveHeadersOnCopy, ); }; };
		CFE98EE3278D1EA800302301 /* MService.framework in Frameworks */ = {isa = PBXBuildFile; fileRef = CFE98EE2278D1EA800302301 /* MService.framework */; };
		CFE98EE4278D1EA800302301 /* MService.framework in Embed Frameworks */ = {isa = PBXBuildFile; fileRef = CFE98EE2278D1EA800302301 /* MService.framework */; settings = {ATTRIBUTES = (CodeSignOnCopy, RemoveHeadersOnCopy, ); }; };
		CFE98EE8278D1EAE00302301 /* MNavigator.framework in Frameworks */ = {isa = PBXBuildFile; fileRef = CFE98EE7278D1EAE00302301 /* MNavigator.framework */; };
		CFE98EE9278D1EAE00302301 /* MNavigator.framework in Embed Frameworks */ = {isa = PBXBuildFile; fileRef = CFE98EE7278D1EAE00302301 /* MNavigator.framework */; settings = {ATTRIBUTES = (CodeSignOnCopy, RemoveHeadersOnCopy, ); }; };
		CFE98EED278D1EC000302301 /* MError.framework in Frameworks */ = {isa = PBXBuildFile; fileRef = CFE98EEC278D1EC000302301 /* MError.framework */; };
		CFE98EEE278D1EC000302301 /* MError.framework in Embed Frameworks */ = {isa = PBXBuildFile; fileRef = CFE98EEC278D1EC000302301 /* MError.framework */; settings = {ATTRIBUTES = (CodeSignOnCopy, RemoveHeadersOnCopy, ); }; };
		CFE98EF4278D5E8600302301 /* AppSessionManager.swift in Sources */ = {isa = PBXBuildFile; fileRef = CFE98EF3278D5E8600302301 /* AppSessionManager.swift */; };
		CFE98EFA278D69A600302301 /* AppSessionNavigator.swift in Sources */ = {isa = PBXBuildFile; fileRef = CFE98EF9278D69A600302301 /* AppSessionNavigator.swift */; };
		CFE98F27278D7CB300302301 /* AppSessionManagerType.swift in Sources */ = {isa = PBXBuildFile; fileRef = CFE98ED5278D1E8200302301 /* AppSessionManagerType.swift */; };
		CFE98F28278D7CB300302301 /* ViewController.swift in Sources */ = {isa = PBXBuildFile; fileRef = CF60D9E0278B0F7E0023AD52 /* ViewController.swift */; };
		CFE98F29278D7CB300302301 /* AppDelegate.swift in Sources */ = {isa = PBXBuildFile; fileRef = CF60D9DC278B0F7E0023AD52 /* AppDelegate.swift */; };
		CFE98F2A278D7CB300302301 /* AppSessionManager.swift in Sources */ = {isa = PBXBuildFile; fileRef = CFE98EF3278D5E8600302301 /* AppSessionManager.swift */; };
		CFE98F2B278D7CB300302301 /* AppSessionNavigator.swift in Sources */ = {isa = PBXBuildFile; fileRef = CFE98EF9278D69A600302301 /* AppSessionNavigator.swift */; };
		CFE98F2F278D7CB300302301 /* MNavigator.framework in Frameworks */ = {isa = PBXBuildFile; fileRef = CFE98EE7278D1EAE00302301 /* MNavigator.framework */; };
		CFE98F30278D7CB300302301 /* MService.framework in Frameworks */ = {isa = PBXBuildFile; fileRef = CFE98EE2278D1EA800302301 /* MService.framework */; };
		CFE98F31278D7CB300302301 /* MUIComponents.framework in Frameworks */ = {isa = PBXBuildFile; fileRef = CFE98EDD278D1EA200302301 /* MUIComponents.framework */; };
		CFE98F32278D7CB300302301 /* MResources.framework in Frameworks */ = {isa = PBXBuildFile; fileRef = CF60DB02278B201F0023AD52 /* MResources.framework */; };
		CFE98F33278D7CB300302301 /* MUtility.framework in Frameworks */ = {isa = PBXBuildFile; fileRef = CF60DA9A278B19A80023AD52 /* MUtility.framework */; };
		CFE98F34278D7CB300302301 /* MError.framework in Frameworks */ = {isa = PBXBuildFile; fileRef = CFE98EEC278D1EC000302301 /* MError.framework */; };
		CFE98F36278D7CB300302301 /* LaunchScreen.storyboard in Resources */ = {isa = PBXBuildFile; fileRef = CF60D9E7278B0F810023AD52 /* LaunchScreen.storyboard */; };
		CFE98F37278D7CB300302301 /* Assets.xcassets in Resources */ = {isa = PBXBuildFile; fileRef = CF60D9E5278B0F810023AD52 /* Assets.xcassets */; };
		CFE98F38278D7CB300302301 /* LaunchScreenDev.storyboard in Resources */ = {isa = PBXBuildFile; fileRef = CF60DAA5278B1AD00023AD52 /* LaunchScreenDev.storyboard */; };
		CFE98F39278D7CB300302301 /* LaunchScreenStg.storyboard in Resources */ = {isa = PBXBuildFile; fileRef = CF60DAA1278B1ABC0023AD52 /* LaunchScreenStg.storyboard */; };
		CFE98F3C278D7CB300302301 /* MNavigator.framework in Embed Frameworks */ = {isa = PBXBuildFile; fileRef = CFE98EE7278D1EAE00302301 /* MNavigator.framework */; settings = {ATTRIBUTES = (CodeSignOnCopy, RemoveHeadersOnCopy, ); }; };
		CFE98F3D278D7CB300302301 /* MService.framework in Embed Frameworks */ = {isa = PBXBuildFile; fileRef = CFE98EE2278D1EA800302301 /* MService.framework */; settings = {ATTRIBUTES = (CodeSignOnCopy, RemoveHeadersOnCopy, ); }; };
		CFE98F3E278D7CB300302301 /* MUIComponents.framework in Embed Frameworks */ = {isa = PBXBuildFile; fileRef = CFE98EDD278D1EA200302301 /* MUIComponents.framework */; settings = {ATTRIBUTES = (CodeSignOnCopy, RemoveHeadersOnCopy, ); }; };
		CFE98F3F278D7CB300302301 /* MResources.framework in Embed Frameworks */ = {isa = PBXBuildFile; fileRef = CF60DB02278B201F0023AD52 /* MResources.framework */; settings = {ATTRIBUTES = (CodeSignOnCopy, RemoveHeadersOnCopy, ); }; };
		CFE98F40278D7CB300302301 /* MUtility.framework in Embed Frameworks */ = {isa = PBXBuildFile; fileRef = CF60DA9A278B19A80023AD52 /* MUtility.framework */; settings = {ATTRIBUTES = (CodeSignOnCopy, RemoveHeadersOnCopy, ); }; };
		CFE98F41278D7CB300302301 /* MError.framework in Embed Frameworks */ = {isa = PBXBuildFile; fileRef = CFE98EEC278D1EC000302301 /* MError.framework */; settings = {ATTRIBUTES = (CodeSignOnCopy, RemoveHeadersOnCopy, ); }; };
		CFE98F4B278D7CCC00302301 /* AppSessionManagerType.swift in Sources */ = {isa = PBXBuildFile; fileRef = CFE98ED5278D1E8200302301 /* AppSessionManagerType.swift */; };
		CFE98F4C278D7CCC00302301 /* ViewController.swift in Sources */ = {isa = PBXBuildFile; fileRef = CF60D9E0278B0F7E0023AD52 /* ViewController.swift */; };
		CFE98F4D278D7CCC00302301 /* AppDelegate.swift in Sources */ = {isa = PBXBuildFile; fileRef = CF60D9DC278B0F7E0023AD52 /* AppDelegate.swift */; };
		CFE98F4E278D7CCC00302301 /* AppSessionManager.swift in Sources */ = {isa = PBXBuildFile; fileRef = CFE98EF3278D5E8600302301 /* AppSessionManager.swift */; };
		CFE98F4F278D7CCC00302301 /* AppSessionNavigator.swift in Sources */ = {isa = PBXBuildFile; fileRef = CFE98EF9278D69A600302301 /* AppSessionNavigator.swift */; };
		CFE98F53278D7CCC00302301 /* MNavigator.framework in Frameworks */ = {isa = PBXBuildFile; fileRef = CFE98EE7278D1EAE00302301 /* MNavigator.framework */; };
		CFE98F54278D7CCC00302301 /* MService.framework in Frameworks */ = {isa = PBXBuildFile; fileRef = CFE98EE2278D1EA800302301 /* MService.framework */; };
		CFE98F55278D7CCC00302301 /* MUIComponents.framework in Frameworks */ = {isa = PBXBuildFile; fileRef = CFE98EDD278D1EA200302301 /* MUIComponents.framework */; };
		CFE98F56278D7CCC00302301 /* MResources.framework in Frameworks */ = {isa = PBXBuildFile; fileRef = CF60DB02278B201F0023AD52 /* MResources.framework */; };
		CFE98F57278D7CCC00302301 /* MUtility.framework in Frameworks */ = {isa = PBXBuildFile; fileRef = CF60DA9A278B19A80023AD52 /* MUtility.framework */; };
		CFE98F58278D7CCC00302301 /* MError.framework in Frameworks */ = {isa = PBXBuildFile; fileRef = CFE98EEC278D1EC000302301 /* MError.framework */; };
		CFE98F5A278D7CCC00302301 /* LaunchScreen.storyboard in Resources */ = {isa = PBXBuildFile; fileRef = CF60D9E7278B0F810023AD52 /* LaunchScreen.storyboard */; };
		CFE98F5B278D7CCC00302301 /* Assets.xcassets in Resources */ = {isa = PBXBuildFile; fileRef = CF60D9E5278B0F810023AD52 /* Assets.xcassets */; };
		CFE98F5C278D7CCC00302301 /* LaunchScreenDev.storyboard in Resources */ = {isa = PBXBuildFile; fileRef = CF60DAA5278B1AD00023AD52 /* LaunchScreenDev.storyboard */; };
		CFE98F5D278D7CCC00302301 /* LaunchScreenStg.storyboard in Resources */ = {isa = PBXBuildFile; fileRef = CF60DAA1278B1ABC0023AD52 /* LaunchScreenStg.storyboard */; };
		CFE98F60278D7CCC00302301 /* MNavigator.framework in Embed Frameworks */ = {isa = PBXBuildFile; fileRef = CFE98EE7278D1EAE00302301 /* MNavigator.framework */; settings = {ATTRIBUTES = (CodeSignOnCopy, RemoveHeadersOnCopy, ); }; };
		CFE98F61278D7CCC00302301 /* MService.framework in Embed Frameworks */ = {isa = PBXBuildFile; fileRef = CFE98EE2278D1EA800302301 /* MService.framework */; settings = {ATTRIBUTES = (CodeSignOnCopy, RemoveHeadersOnCopy, ); }; };
		CFE98F62278D7CCC00302301 /* MUIComponents.framework in Embed Frameworks */ = {isa = PBXBuildFile; fileRef = CFE98EDD278D1EA200302301 /* MUIComponents.framework */; settings = {ATTRIBUTES = (CodeSignOnCopy, RemoveHeadersOnCopy, ); }; };
		CFE98F63278D7CCC00302301 /* MResources.framework in Embed Frameworks */ = {isa = PBXBuildFile; fileRef = CF60DB02278B201F0023AD52 /* MResources.framework */; settings = {ATTRIBUTES = (CodeSignOnCopy, RemoveHeadersOnCopy, ); }; };
		CFE98F64278D7CCC00302301 /* MUtility.framework in Embed Frameworks */ = {isa = PBXBuildFile; fileRef = CF60DA9A278B19A80023AD52 /* MUtility.framework */; settings = {ATTRIBUTES = (CodeSignOnCopy, RemoveHeadersOnCopy, ); }; };
		CFE98F65278D7CCC00302301 /* MError.framework in Embed Frameworks */ = {isa = PBXBuildFile; fileRef = CFE98EEC278D1EC000302301 /* MError.framework */; settings = {ATTRIBUTES = (CodeSignOnCopy, RemoveHeadersOnCopy, ); }; };
		CFE98FD1278D965500302301 /* InfoProduction.plist in Resources */ = {isa = PBXBuildFile; fileRef = CFE98FCF278D965500302301 /* InfoProduction.plist */; };
		CFE98FD2278D965500302301 /* InfoProduction.plist in Resources */ = {isa = PBXBuildFile; fileRef = CFE98FCF278D965500302301 /* InfoProduction.plist */; };
		CFE98FD3278D965500302301 /* InfoProduction.plist in Resources */ = {isa = PBXBuildFile; fileRef = CFE98FCF278D965500302301 /* InfoProduction.plist */; };
		CFE98FD4278D965500302301 /* InfoStaging.plist in Resources */ = {isa = PBXBuildFile; fileRef = CFE98FD0278D965500302301 /* InfoStaging.plist */; };
		CFE98FD5278D965500302301 /* InfoStaging.plist in Resources */ = {isa = PBXBuildFile; fileRef = CFE98FD0278D965500302301 /* InfoStaging.plist */; };
		CFE98FD6278D965500302301 /* InfoStaging.plist in Resources */ = {isa = PBXBuildFile; fileRef = CFE98FD0278D965500302301 /* InfoStaging.plist */; };
		CFE98FDC278D969100302301 /* MModels.framework in Frameworks */ = {isa = PBXBuildFile; fileRef = CFE98FDB278D969100302301 /* MModels.framework */; };
		CFE98FDD278D969100302301 /* MModels.framework in Embed Frameworks */ = {isa = PBXBuildFile; fileRef = CFE98FDB278D969100302301 /* MModels.framework */; settings = {ATTRIBUTES = (CodeSignOnCopy, RemoveHeadersOnCopy, ); }; };
		CFE98FE1278D96A900302301 /* MNetwork.framework in Frameworks */ = {isa = PBXBuildFile; fileRef = CFE98FE0278D96A900302301 /* MNetwork.framework */; };
		CFE98FE2278D96A900302301 /* MNetwork.framework in Embed Frameworks */ = {isa = PBXBuildFile; fileRef = CFE98FE0278D96A900302301 /* MNetwork.framework */; settings = {ATTRIBUTES = (CodeSignOnCopy, RemoveHeadersOnCopy, ); }; };
		CFE98FE6278D96B100302301 /* MNetwork.framework in Frameworks */ = {isa = PBXBuildFile; fileRef = CFE98FE5278D96B100302301 /* MNetwork.framework */; };
		CFE98FE7278D96B100302301 /* MNetwork.framework in Embed Frameworks */ = {isa = PBXBuildFile; fileRef = CFE98FE5278D96B100302301 /* MNetwork.framework */; settings = {ATTRIBUTES = (CodeSignOnCopy, RemoveHeadersOnCopy, ); }; };
		CFE98FE9278D96B700302301 /* MModels.framework in Frameworks */ = {isa = PBXBuildFile; fileRef = CFE98FE8278D96B700302301 /* MModels.framework */; };
		CFE98FEA278D96B700302301 /* MModels.framework in Embed Frameworks */ = {isa = PBXBuildFile; fileRef = CFE98FE8278D96B700302301 /* MModels.framework */; settings = {ATTRIBUTES = (CodeSignOnCopy, RemoveHeadersOnCopy, ); }; };
		CFE98FEC278D96BD00302301 /* MNetwork.framework in Frameworks */ = {isa = PBXBuildFile; fileRef = CFE98FEB278D96BD00302301 /* MNetwork.framework */; };
		CFE98FED278D96BD00302301 /* MNetwork.framework in Embed Frameworks */ = {isa = PBXBuildFile; fileRef = CFE98FEB278D96BD00302301 /* MNetwork.framework */; settings = {ATTRIBUTES = (CodeSignOnCopy, RemoveHeadersOnCopy, ); }; };
		CFE98FEF278D96C200302301 /* MModels.framework in Frameworks */ = {isa = PBXBuildFile; fileRef = CFE98FEE278D96C200302301 /* MModels.framework */; };
		CFE98FF0278D96C200302301 /* MModels.framework in Embed Frameworks */ = {isa = PBXBuildFile; fileRef = CFE98FEE278D96C200302301 /* MModels.framework */; settings = {ATTRIBUTES = (CodeSignOnCopy, RemoveHeadersOnCopy, ); }; };
/* End PBXBuildFile section */

/* Begin PBXContainerItemProxy section */
		A5D29194286E91AA00B348B5 /* PBXContainerItemProxy */ = {
			isa = PBXContainerItemProxy;
			containerPortal = CF60D9D1278B0F7E0023AD52 /* Project object */;
			proxyType = 1;
			remoteGlobalIDString = CFE98F25278D7CB300302301;
			remoteInfo = TemplateDev;
		};
		CF60D9F0278B0F820023AD52 /* PBXContainerItemProxy */ = {
			isa = PBXContainerItemProxy;
			containerPortal = CF60D9D1278B0F7E0023AD52 /* Project object */;
			proxyType = 1;
			remoteGlobalIDString = CF60D9D8278B0F7E0023AD52;
			remoteInfo = Majica;
		};
		CF60D9FB278B0F820023AD52 /* PBXContainerItemProxy */ = {
			isa = PBXContainerItemProxy;
			containerPortal = CF60D9D1278B0F7E0023AD52 /* Project object */;
			proxyType = 1;
			remoteGlobalIDString = CF60D9D8278B0F7E0023AD52;
			remoteInfo = Majica;
		};
/* End PBXContainerItemProxy section */

/* Begin PBXCopyFilesBuildPhase section */
		CF60DA9D278B19A90023AD52 /* Embed Frameworks */ = {
			isa = PBXCopyFilesBuildPhase;
			buildActionMask = 2147483647;
			dstPath = "";
			dstSubfolderSpec = 10;
			files = (
				CFE98EE9278D1EAE00302301 /* MNavigator.framework in Embed Frameworks */,
				CFE98EE4278D1EA800302301 /* MService.framework in Embed Frameworks */,
				CFE98EDF278D1EA200302301 /* MUIComponents.framework in Embed Frameworks */,
				CFE98FED278D96BD00302301 /* MNetwork.framework in Embed Frameworks */,
				CF60DB04278B201F0023AD52 /* MResources.framework in Embed Frameworks */,
				CF60DA9C278B19A90023AD52 /* MUtility.framework in Embed Frameworks */,
				CFE98FF0278D96C200302301 /* MModels.framework in Embed Frameworks */,
				CFE98EEE278D1EC000302301 /* MError.framework in Embed Frameworks */,
			);
			name = "Embed Frameworks";
			runOnlyForDeploymentPostprocessing = 0;
		};
		CFE98F3B278D7CB300302301 /* Embed Frameworks */ = {
			isa = PBXCopyFilesBuildPhase;
			buildActionMask = 2147483647;
			dstPath = "";
			dstSubfolderSpec = 10;
			files = (
				CFE98F3C278D7CB300302301 /* MNavigator.framework in Embed Frameworks */,
				CFE98F3D278D7CB300302301 /* MService.framework in Embed Frameworks */,
				CFE98F3E278D7CB300302301 /* MUIComponents.framework in Embed Frameworks */,
				CFE98F3F278D7CB300302301 /* MResources.framework in Embed Frameworks */,
				CFE98F40278D7CB300302301 /* MUtility.framework in Embed Frameworks */,
				CFE98FE2278D96A900302301 /* MNetwork.framework in Embed Frameworks */,
				CFE98FDD278D969100302301 /* MModels.framework in Embed Frameworks */,
				CFE98F41278D7CB300302301 /* MError.framework in Embed Frameworks */,
			);
			name = "Embed Frameworks";
			runOnlyForDeploymentPostprocessing = 0;
		};
		CFE98F5F278D7CCC00302301 /* Embed Frameworks */ = {
			isa = PBXCopyFilesBuildPhase;
			buildActionMask = 2147483647;
			dstPath = "";
			dstSubfolderSpec = 10;
			files = (
				CFE98F60278D7CCC00302301 /* MNavigator.framework in Embed Frameworks */,
				CFE98F61278D7CCC00302301 /* MService.framework in Embed Frameworks */,
				CFE98F62278D7CCC00302301 /* MUIComponents.framework in Embed Frameworks */,
				CFE98FE7278D96B100302301 /* MNetwork.framework in Embed Frameworks */,
				CFE98F63278D7CCC00302301 /* MResources.framework in Embed Frameworks */,
				CFE98F64278D7CCC00302301 /* MUtility.framework in Embed Frameworks */,
				CFE98FEA278D96B700302301 /* MModels.framework in Embed Frameworks */,
				CFE98F65278D7CCC00302301 /* MError.framework in Embed Frameworks */,
			);
			name = "Embed Frameworks";
			runOnlyForDeploymentPostprocessing = 0;
		};
/* End PBXCopyFilesBuildPhase section */

/* Begin PBXFileReference section */
		A50E29F4287ED045000CEA12 /* UIApplication+Singleton.swift */ = {isa = PBXFileReference; lastKnownFileType = sourcecode.swift; path = "UIApplication+Singleton.swift"; sourceTree = "<group>"; };
		A571E4F728991186007799CF /* AppDatabase.swift */ = {isa = PBXFileReference; lastKnownFileType = sourcecode.swift; path = AppDatabase.swift; sourceTree = "<group>"; };
		A59E5441286EA8F000A27DCC /* OrderFood.framework */ = {isa = PBXFileReference; explicitFileType = wrapper.framework; path = OrderFood.framework; sourceTree = BUILT_PRODUCTS_DIR; };
		CF60D9D9278B0F7E0023AD52 /* TemplateProduction.app */ = {isa = PBXFileReference; explicitFileType = wrapper.application; includeInIndex = 0; path = TemplateProduction.app; sourceTree = BUILT_PRODUCTS_DIR; };
		CF60D9DC278B0F7E0023AD52 /* AppDelegate.swift */ = {isa = PBXFileReference; lastKnownFileType = sourcecode.swift; path = AppDelegate.swift; sourceTree = "<group>"; };
		CF60D9E0278B0F7E0023AD52 /* ViewController.swift */ = {isa = PBXFileReference; lastKnownFileType = sourcecode.swift; path = ViewController.swift; sourceTree = "<group>"; };
		CF60D9E5278B0F810023AD52 /* Assets.xcassets */ = {isa = PBXFileReference; lastKnownFileType = folder.assetcatalog; path = Assets.xcassets; sourceTree = "<group>"; };
		CF60D9E8278B0F810023AD52 /* Base */ = {isa = PBXFileReference; lastKnownFileType = file.storyboard; name = Base; path = Base.lproj/LaunchScreen.storyboard; sourceTree = "<group>"; };
		CF60D9EA278B0F810023AD52 /* InfoDev.plist */ = {isa = PBXFileReference; lastKnownFileType = text.plist.xml; path = InfoDev.plist; sourceTree = "<group>"; };
		CF60D9EF278B0F820023AD52 /* TemplateTests.xctest */ = {isa = PBXFileReference; explicitFileType = wrapper.cfbundle; includeInIndex = 0; path = TemplateTests.xctest; sourceTree = BUILT_PRODUCTS_DIR; };
		CF60D9F3278B0F820023AD52 /* MajicaTests.swift */ = {isa = PBXFileReference; lastKnownFileType = sourcecode.swift; path = MajicaTests.swift; sourceTree = "<group>"; };
		CF60D9F5278B0F820023AD52 /* Info.plist */ = {isa = PBXFileReference; lastKnownFileType = text.plist.xml; path = Info.plist; sourceTree = "<group>"; };
		CF60D9FA278B0F820023AD52 /* TemplateUITests.xctest */ = {isa = PBXFileReference; explicitFileType = wrapper.cfbundle; includeInIndex = 0; path = TemplateUITests.xctest; sourceTree = BUILT_PRODUCTS_DIR; };
		CF60D9FE278B0F820023AD52 /* MajicaUITests.swift */ = {isa = PBXFileReference; lastKnownFileType = sourcecode.swift; path = MajicaUITests.swift; sourceTree = "<group>"; };
		CF60DA00278B0F820023AD52 /* Info.plist */ = {isa = PBXFileReference; lastKnownFileType = text.plist.xml; path = Info.plist; sourceTree = "<group>"; };
		CF60DA9A278B19A80023AD52 /* MUtility.framework */ = {isa = PBXFileReference; explicitFileType = wrapper.framework; path = MUtility.framework; sourceTree = BUILT_PRODUCTS_DIR; };
		CF60DAA1278B1ABC0023AD52 /* LaunchScreenStg.storyboard */ = {isa = PBXFileReference; lastKnownFileType = file.storyboard; path = LaunchScreenStg.storyboard; sourceTree = "<group>"; };
		CF60DAA5278B1AD00023AD52 /* LaunchScreenDev.storyboard */ = {isa = PBXFileReference; lastKnownFileType = file.storyboard; path = LaunchScreenDev.storyboard; sourceTree = "<group>"; };
		CF60DB02278B201F0023AD52 /* MResources.framework */ = {isa = PBXFileReference; explicitFileType = wrapper.framework; path = MResources.framework; sourceTree = BUILT_PRODUCTS_DIR; };
		CFE98ED5278D1E8200302301 /* AppSessionManagerType.swift */ = {isa = PBXFileReference; lastKnownFileType = sourcecode.swift; path = AppSessionManagerType.swift; sourceTree = "<group>"; };
		CFE98EDD278D1EA200302301 /* MUIComponents.framework */ = {isa = PBXFileReference; explicitFileType = wrapper.framework; path = MUIComponents.framework; sourceTree = BUILT_PRODUCTS_DIR; };
		CFE98EE2278D1EA800302301 /* MService.framework */ = {isa = PBXFileReference; explicitFileType = wrapper.framework; path = MService.framework; sourceTree = BUILT_PRODUCTS_DIR; };
		CFE98EE7278D1EAE00302301 /* MNavigator.framework */ = {isa = PBXFileReference; explicitFileType = wrapper.framework; path = MNavigator.framework; sourceTree = BUILT_PRODUCTS_DIR; };
		CFE98EEC278D1EC000302301 /* MError.framework */ = {isa = PBXFileReference; explicitFileType = wrapper.framework; path = MError.framework; sourceTree = BUILT_PRODUCTS_DIR; };
		CFE98EF3278D5E8600302301 /* AppSessionManager.swift */ = {isa = PBXFileReference; lastKnownFileType = sourcecode.swift; path = AppSessionManager.swift; sourceTree = "<group>"; };
		CFE98EF9278D69A600302301 /* AppSessionNavigator.swift */ = {isa = PBXFileReference; lastKnownFileType = sourcecode.swift; path = AppSessionNavigator.swift; sourceTree = "<group>"; };
		CFE98F45278D7CB300302301 /* TemplateDev.app */ = {isa = PBXFileReference; explicitFileType = wrapper.application; includeInIndex = 0; path = TemplateDev.app; sourceTree = BUILT_PRODUCTS_DIR; };
		CFE98F69278D7CCC00302301 /* TemplateStaging.app */ = {isa = PBXFileReference; explicitFileType = wrapper.application; includeInIndex = 0; path = TemplateStaging.app; sourceTree = BUILT_PRODUCTS_DIR; };
		CFE98FCF278D965500302301 /* InfoProduction.plist */ = {isa = PBXFileReference; fileEncoding = 4; lastKnownFileType = text.plist.xml; path = InfoProduction.plist; sourceTree = "<group>"; };
		CFE98FD0278D965500302301 /* InfoStaging.plist */ = {isa = PBXFileReference; fileEncoding = 4; lastKnownFileType = text.plist.xml; path = InfoStaging.plist; sourceTree = "<group>"; };
		CFE98FDB278D969100302301 /* MModels.framework */ = {isa = PBXFileReference; explicitFileType = wrapper.framework; path = MModels.framework; sourceTree = BUILT_PRODUCTS_DIR; };
		CFE98FE0278D96A900302301 /* MNetwork.framework */ = {isa = PBXFileReference; explicitFileType = wrapper.framework; path = MNetwork.framework; sourceTree = BUILT_PRODUCTS_DIR; };
		CFE98FE5278D96B100302301 /* MNetwork.framework */ = {isa = PBXFileReference; explicitFileType = wrapper.framework; path = MNetwork.framework; sourceTree = BUILT_PRODUCTS_DIR; };
		CFE98FE8278D96B700302301 /* MModels.framework */ = {isa = PBXFileReference; explicitFileType = wrapper.framework; path = MModels.framework; sourceTree = BUILT_PRODUCTS_DIR; };
		CFE98FEB278D96BD00302301 /* MNetwork.framework */ = {isa = PBXFileReference; explicitFileType = wrapper.framework; path = MNetwork.framework; sourceTree = BUILT_PRODUCTS_DIR; };
		CFE98FEE278D96C200302301 /* MModels.framework */ = {isa = PBXFileReference; explicitFileType = wrapper.framework; path = MModels.framework; sourceTree = BUILT_PRODUCTS_DIR; };
/* End PBXFileReference section */

/* Begin PBXFrameworksBuildPhase section */
		CF60D9D6278B0F7E0023AD52 /* Frameworks */ = {
			isa = PBXFrameworksBuildPhase;
			buildActionMask = 2147483647;
			files = (
				CFE98EE8278D1EAE00302301 /* MNavigator.framework in Frameworks */,
				CFE98EE3278D1EA800302301 /* MService.framework in Frameworks */,
				CFE98EDE278D1EA200302301 /* MUIComponents.framework in Frameworks */,
				CFE98FEC278D96BD00302301 /* MNetwork.framework in Frameworks */,
				CF60DB03278B201F0023AD52 /* MResources.framework in Frameworks */,
				CF60DA9B278B19A90023AD52 /* MUtility.framework in Frameworks */,
				CFE98FEF278D96C200302301 /* MModels.framework in Frameworks */,
				CFE98EED278D1EC000302301 /* MError.framework in Frameworks */,
			);
			runOnlyForDeploymentPostprocessing = 0;
		};
		CF60D9EC278B0F820023AD52 /* Frameworks */ = {
			isa = PBXFrameworksBuildPhase;
			buildActionMask = 2147483647;
			files = (
			);
			runOnlyForDeploymentPostprocessing = 0;
		};
		CF60D9F7278B0F820023AD52 /* Frameworks */ = {
			isa = PBXFrameworksBuildPhase;
			buildActionMask = 2147483647;
			files = (
			);
			runOnlyForDeploymentPostprocessing = 0;
		};
		CFE98F2E278D7CB300302301 /* Frameworks */ = {
			isa = PBXFrameworksBuildPhase;
			buildActionMask = 2147483647;
			files = (
				CFE98F2F278D7CB300302301 /* MNavigator.framework in Frameworks */,
				CFE98F30278D7CB300302301 /* MService.framework in Frameworks */,
				CFE98F31278D7CB300302301 /* MUIComponents.framework in Frameworks */,
				CFE98F32278D7CB300302301 /* MResources.framework in Frameworks */,
				CFE98F33278D7CB300302301 /* MUtility.framework in Frameworks */,
				CFE98FE1278D96A900302301 /* MNetwork.framework in Frameworks */,
				CFE98FDC278D969100302301 /* MModels.framework in Frameworks */,
				CFE98F34278D7CB300302301 /* MError.framework in Frameworks */,
			);
			runOnlyForDeploymentPostprocessing = 0;
		};
		CFE98F52278D7CCC00302301 /* Frameworks */ = {
			isa = PBXFrameworksBuildPhase;
			buildActionMask = 2147483647;
			files = (
				CFE98F53278D7CCC00302301 /* MNavigator.framework in Frameworks */,
				CFE98F54278D7CCC00302301 /* MService.framework in Frameworks */,
				CFE98F55278D7CCC00302301 /* MUIComponents.framework in Frameworks */,
				CFE98FE6278D96B100302301 /* MNetwork.framework in Frameworks */,
				CFE98F56278D7CCC00302301 /* MResources.framework in Frameworks */,
				CFE98F57278D7CCC00302301 /* MUtility.framework in Frameworks */,
				CFE98FE9278D96B700302301 /* MModels.framework in Frameworks */,
				CFE98F58278D7CCC00302301 /* MError.framework in Frameworks */,
			);
			runOnlyForDeploymentPostprocessing = 0;
		};
/* End PBXFrameworksBuildPhase section */

/* Begin PBXGroup section */
		A571E4F628991178007799CF /* Database */ = {
			isa = PBXGroup;
			children = (
				A571E4F728991186007799CF /* AppDatabase.swift */,
			);
			path = Database;
			sourceTree = "<group>";
		};
		CF60D9D0278B0F7E0023AD52 = {
			isa = PBXGroup;
			children = (
				CF60D9DB278B0F7E0023AD52 /* Template */,
				CF60D9F2278B0F820023AD52 /* TemplateTests */,
				CF60D9FD278B0F820023AD52 /* TemplateUITests */,
				CF60D9DA278B0F7E0023AD52 /* Products */,
				CF60DA99278B19A80023AD52 /* Frameworks */,
			);
			sourceTree = "<group>";
		};
		CF60D9DA278B0F7E0023AD52 /* Products */ = {
			isa = PBXGroup;
			children = (
				CF60D9D9278B0F7E0023AD52 /* TemplateProduction.app */,
				CF60D9EF278B0F820023AD52 /* TemplateTests.xctest */,
				CF60D9FA278B0F820023AD52 /* TemplateUITests.xctest */,
				CFE98F45278D7CB300302301 /* TemplateDev.app */,
				CFE98F69278D7CCC00302301 /* TemplateStaging.app */,
			);
			name = Products;
			sourceTree = "<group>";
		};
		CF60D9DB278B0F7E0023AD52 /* Template */ = {
			isa = PBXGroup;
			children = (
				A571E4F628991178007799CF /* Database */,
				CF60D9EA278B0F810023AD52 /* InfoDev.plist */,
				CFE98FCF278D965500302301 /* InfoProduction.plist */,
				CFE98FD0278D965500302301 /* InfoStaging.plist */,
				CF60D9DC278B0F7E0023AD52 /* AppDelegate.swift */,
				CF60D9E0278B0F7E0023AD52 /* ViewController.swift */,
				CF60D9E5278B0F810023AD52 /* Assets.xcassets */,
				CFE98ED4278D1E5E00302301 /* AppSession */,
				CF60DAA0278B1AA00023AD52 /* LaunchScreen */,
				CFE98EF7278D698D00302301 /* Navigator */,
				A50E29F4287ED045000CEA12 /* UIApplication+Singleton.swift */,
			);
			path = Template;
			sourceTree = "<group>";
		};
		CF60D9F2278B0F820023AD52 /* TemplateTests */ = {
			isa = PBXGroup;
			children = (
				CF60D9F3278B0F820023AD52 /* MajicaTests.swift */,
				CF60D9F5278B0F820023AD52 /* Info.plist */,
			);
			path = TemplateTests;
			sourceTree = "<group>";
		};
		CF60D9FD278B0F820023AD52 /* TemplateUITests */ = {
			isa = PBXGroup;
			children = (
				CF60D9FE278B0F820023AD52 /* MajicaUITests.swift */,
				CF60DA00278B0F820023AD52 /* Info.plist */,
			);
			path = TemplateUITests;
			sourceTree = "<group>";
		};
		CF60DA99278B19A80023AD52 /* Frameworks */ = {
			isa = PBXGroup;
			children = (
				A59E5441286EA8F000A27DCC /* OrderFood.framework */,
				CFE98FEE278D96C200302301 /* MModels.framework */,
				CFE98FEB278D96BD00302301 /* MNetwork.framework */,
				CFE98FE8278D96B700302301 /* MModels.framework */,
				CFE98FE5278D96B100302301 /* MNetwork.framework */,
				CFE98FE0278D96A900302301 /* MNetwork.framework */,
				CFE98FDB278D969100302301 /* MModels.framework */,
				CFE98EEC278D1EC000302301 /* MError.framework */,
				CFE98EE7278D1EAE00302301 /* MNavigator.framework */,
				CFE98EE2278D1EA800302301 /* MService.framework */,
				CFE98EDD278D1EA200302301 /* MUIComponents.framework */,
				CF60DB02278B201F0023AD52 /* MResources.framework */,
				CF60DA9A278B19A80023AD52 /* MUtility.framework */,
			);
			name = Frameworks;
			sourceTree = "<group>";
		};
		CF60DAA0278B1AA00023AD52 /* LaunchScreen */ = {
			isa = PBXGroup;
			children = (
				CF60D9E7278B0F810023AD52 /* LaunchScreen.storyboard */,
				CF60DAA1278B1ABC0023AD52 /* LaunchScreenStg.storyboard */,
				CF60DAA5278B1AD00023AD52 /* LaunchScreenDev.storyboard */,
			);
			path = LaunchScreen;
			sourceTree = "<group>";
		};
		CFE98ED4278D1E5E00302301 /* AppSession */ = {
			isa = PBXGroup;
			children = (
				CFE98ED5278D1E8200302301 /* AppSessionManagerType.swift */,
				CFE98EF3278D5E8600302301 /* AppSessionManager.swift */,
			);
			path = AppSession;
			sourceTree = "<group>";
		};
		CFE98EF7278D698D00302301 /* Navigator */ = {
			isa = PBXGroup;
			children = (
				CFE98EF8278D699200302301 /* AppSession */,
			);
			path = Navigator;
			sourceTree = "<group>";
		};
		CFE98EF8278D699200302301 /* AppSession */ = {
			isa = PBXGroup;
			children = (
				CFE98EF9278D69A600302301 /* AppSessionNavigator.swift */,
			);
			path = AppSession;
			sourceTree = "<group>";
		};
/* End PBXGroup section */

/* Begin PBXNativeTarget section */
		CF60D9D8278B0F7E0023AD52 /* TemplateProduction */ = {
			isa = PBXNativeTarget;
			buildConfigurationList = CF60DA03278B0F820023AD52 /* Build configuration list for PBXNativeTarget "TemplateProduction" */;
			buildPhases = (
				CF60D9D5278B0F7E0023AD52 /* Sources */,
				CF60D9D6278B0F7E0023AD52 /* Frameworks */,
				CF60D9D7278B0F7E0023AD52 /* Resources */,
				CF60DA9D278B19A90023AD52 /* Embed Frameworks */,
				CFAA7FCF278ED33600B3726B /* SwiftLint */,
			);
			buildRules = (
			);
			dependencies = (
			);
			name = TemplateProduction;
			productName = Majica;
			productReference = CF60D9D9278B0F7E0023AD52 /* TemplateProduction.app */;
			productType = "com.apple.product-type.application";
		};
		CF60D9EE278B0F820023AD52 /* TemplateTests */ = {
			isa = PBXNativeTarget;
			buildConfigurationList = CF60DA06278B0F820023AD52 /* Build configuration list for PBXNativeTarget "TemplateTests" */;
			buildPhases = (
				CF60D9EB278B0F820023AD52 /* Sources */,
				CF60D9EC278B0F820023AD52 /* Frameworks */,
				CF60D9ED278B0F820023AD52 /* Resources */,
			);
			buildRules = (
			);
			dependencies = (
				CF60D9F1278B0F820023AD52 /* PBXTargetDependency */,
				A5D29195286E91AA00B348B5 /* PBXTargetDependency */,
			);
			name = TemplateTests;
			productName = MajicaTests;
			productReference = CF60D9EF278B0F820023AD52 /* TemplateTests.xctest */;
			productType = "com.apple.product-type.bundle.unit-test";
		};
		CF60D9F9278B0F820023AD52 /* TemplateUITests */ = {
			isa = PBXNativeTarget;
			buildConfigurationList = CF60DA09278B0F820023AD52 /* Build configuration list for PBXNativeTarget "TemplateUITests" */;
			buildPhases = (
				CF60D9F6278B0F820023AD52 /* Sources */,
				CF60D9F7278B0F820023AD52 /* Frameworks */,
				CF60D9F8278B0F820023AD52 /* Resources */,
			);
			buildRules = (
			);
			dependencies = (
				CF60D9FC278B0F820023AD52 /* PBXTargetDependency */,
			);
			name = TemplateUITests;
			productName = MajicaUITests;
			productReference = CF60D9FA278B0F820023AD52 /* TemplateUITests.xctest */;
			productType = "com.apple.product-type.bundle.ui-testing";
		};
		CFE98F25278D7CB300302301 /* TemplateDev */ = {
			isa = PBXNativeTarget;
			buildConfigurationList = CFE98F42278D7CB300302301 /* Build configuration list for PBXNativeTarget "TemplateDev" */;
			buildPhases = (
				CFE98F26278D7CB300302301 /* Sources */,
				CFE98F2E278D7CB300302301 /* Frameworks */,
				CFE98F35278D7CB300302301 /* Resources */,
				CFE98F3B278D7CB300302301 /* Embed Frameworks */,
				CFAA7FC9278ED31E00B3726B /* SwiftLint */,
			);
			buildRules = (
			);
			dependencies = (
			);
			name = TemplateDev;
			productName = Majica;
			productReference = CFE98F45278D7CB300302301 /* TemplateDev.app */;
			productType = "com.apple.product-type.application";
		};
		CFE98F49278D7CCC00302301 /* TemplateStaging */ = {
			isa = PBXNativeTarget;
			buildConfigurationList = CFE98F66278D7CCC00302301 /* Build configuration list for PBXNativeTarget "TemplateStaging" */;
			buildPhases = (
				CFE98F4A278D7CCC00302301 /* Sources */,
				CFE98F52278D7CCC00302301 /* Frameworks */,
				CFE98F59278D7CCC00302301 /* Resources */,
				CFE98F5F278D7CCC00302301 /* Embed Frameworks */,
				CFAA7FCC278ED32C00B3726B /* SwiftLint */,
			);
			buildRules = (
			);
			dependencies = (
			);
			name = TemplateStaging;
			productName = Majica;
			productReference = CFE98F69278D7CCC00302301 /* TemplateStaging.app */;
			productType = "com.apple.product-type.application";
		};
/* End PBXNativeTarget section */

/* Begin PBXProject section */
		CF60D9D1278B0F7E0023AD52 /* Project object */ = {
			isa = PBXProject;
			attributes = {
				LastSwiftUpdateCheck = 1210;
				LastUpgradeCheck = 1210;
				TargetAttributes = {
					CF60D9D8278B0F7E0023AD52 = {
						CreatedOnToolsVersion = 12.1;
					};
					CF60D9EE278B0F820023AD52 = {
						CreatedOnToolsVersion = 12.1;
						TestTargetID = CFE98F25278D7CB300302301;
					};
					CF60D9F9278B0F820023AD52 = {
						CreatedOnToolsVersion = 12.1;
						TestTargetID = CF60D9D8278B0F7E0023AD52;
					};
				};
			};
			buildConfigurationList = CF60D9D4278B0F7E0023AD52 /* Build configuration list for PBXProject "Template" */;
			compatibilityVersion = "Xcode 9.3";
			developmentRegion = en;
			hasScannedForEncodings = 0;
			knownRegions = (
				en,
				Base,
			);
			mainGroup = CF60D9D0278B0F7E0023AD52;
			productRefGroup = CF60D9DA278B0F7E0023AD52 /* Products */;
			projectDirPath = "";
			projectRoot = "";
			targets = (
				CFE98F25278D7CB300302301 /* TemplateDev */,
				CFE98F49278D7CCC00302301 /* TemplateStaging */,
				CF60D9D8278B0F7E0023AD52 /* TemplateProduction */,
				CF60D9EE278B0F820023AD52 /* TemplateTests */,
				CF60D9F9278B0F820023AD52 /* TemplateUITests */,
			);
		};
/* End PBXProject section */

/* Begin PBXResourcesBuildPhase section */
		CF60D9D7278B0F7E0023AD52 /* Resources */ = {
			isa = PBXResourcesBuildPhase;
			buildActionMask = 2147483647;
			files = (
				CFE98FD6278D965500302301 /* InfoStaging.plist in Resources */,
				CF60D9E9278B0F810023AD52 /* LaunchScreen.storyboard in Resources */,
				CF60D9E6278B0F810023AD52 /* Assets.xcassets in Resources */,
				CF60DAA6278B1AD00023AD52 /* LaunchScreenDev.storyboard in Resources */,
				CFE98FD3278D965500302301 /* InfoProduction.plist in Resources */,
				CF60DAA2278B1ABC0023AD52 /* LaunchScreenStg.storyboard in Resources */,
			);
			runOnlyForDeploymentPostprocessing = 0;
		};
		CF60D9ED278B0F820023AD52 /* Resources */ = {
			isa = PBXResourcesBuildPhase;
			buildActionMask = 2147483647;
			files = (
			);
			runOnlyForDeploymentPostprocessing = 0;
		};
		CF60D9F8278B0F820023AD52 /* Resources */ = {
			isa = PBXResourcesBuildPhase;
			buildActionMask = 2147483647;
			files = (
			);
			runOnlyForDeploymentPostprocessing = 0;
		};
		CFE98F35278D7CB300302301 /* Resources */ = {
			isa = PBXResourcesBuildPhase;
			buildActionMask = 2147483647;
			files = (
				CFE98FD4278D965500302301 /* InfoStaging.plist in Resources */,
				CFE98F36278D7CB300302301 /* LaunchScreen.storyboard in Resources */,
				CFE98F37278D7CB300302301 /* Assets.xcassets in Resources */,
				CFE98F38278D7CB300302301 /* LaunchScreenDev.storyboard in Resources */,
				CFE98FD1278D965500302301 /* InfoProduction.plist in Resources */,
				CFE98F39278D7CB300302301 /* LaunchScreenStg.storyboard in Resources */,
			);
			runOnlyForDeploymentPostprocessing = 0;
		};
		CFE98F59278D7CCC00302301 /* Resources */ = {
			isa = PBXResourcesBuildPhase;
			buildActionMask = 2147483647;
			files = (
				CFE98FD5278D965500302301 /* InfoStaging.plist in Resources */,
				CFE98F5A278D7CCC00302301 /* LaunchScreen.storyboard in Resources */,
				CFE98F5B278D7CCC00302301 /* Assets.xcassets in Resources */,
				CFE98F5C278D7CCC00302301 /* LaunchScreenDev.storyboard in Resources */,
				CFE98FD2278D965500302301 /* InfoProduction.plist in Resources */,
				CFE98F5D278D7CCC00302301 /* LaunchScreenStg.storyboard in Resources */,
			);
			runOnlyForDeploymentPostprocessing = 0;
		};
/* End PBXResourcesBuildPhase section */

/* Begin PBXShellScriptBuildPhase section */
		CFAA7FC9278ED31E00B3726B /* SwiftLint */ = {
			isa = PBXShellScriptBuildPhase;
			buildActionMask = 2147483647;
			files = (
			);
			inputFileListPaths = (
			);
			inputPaths = (
			);
			name = SwiftLint;
			outputFileListPaths = (
			);
			outputPaths = (
			);
			runOnlyForDeploymentPostprocessing = 0;
			shellPath = /bin/sh;
			shellScript = "#!/bin/bash\nswiftlint=${SRCROOT}/../Tools/swiftlint/swiftlint\nif [[ -e $swiftlint ]]; then\n $swiftlint --strict\nelse\n echo \"warning: SwiftLint not installed, download from https://github.com/realm/SwiftLint\" \nfi\n";
		};
		CFAA7FCC278ED32C00B3726B /* SwiftLint */ = {
			isa = PBXShellScriptBuildPhase;
			buildActionMask = 2147483647;
			files = (
			);
			inputFileListPaths = (
			);
			inputPaths = (
			);
			name = SwiftLint;
			outputFileListPaths = (
			);
			outputPaths = (
			);
			runOnlyForDeploymentPostprocessing = 0;
			shellPath = /bin/sh;
			shellScript = "#!/bin/bash\nswiftlint=${SRCROOT}/../Tools/swiftlint/swiftlint\nif [[ -e $swiftlint ]]; then\n $swiftlint --strict\nelse\n echo \"warning: SwiftLint not installed, download from https://github.com/realm/SwiftLint\" \nfi\n";
		};
		CFAA7FCF278ED33600B3726B /* SwiftLint */ = {
			isa = PBXShellScriptBuildPhase;
			buildActionMask = 2147483647;
			files = (
			);
			inputFileListPaths = (
			);
			inputPaths = (
			);
			name = SwiftLint;
			outputFileListPaths = (
			);
			outputPaths = (
			);
			runOnlyForDeploymentPostprocessing = 0;
			shellPath = /bin/sh;
			shellScript = "#!/bin/bash\nswiftlint=${SRCROOT}/../Tools/swiftlint/swiftlint\nif [[ -e $swiftlint ]]; then\n $swiftlint --strict\nelse\n echo \"warning: SwiftLint not installed, download from https://github.com/realm/SwiftLint\" \nfi\n";
		};
/* End PBXShellScriptBuildPhase section */

/* Begin PBXSourcesBuildPhase section */
		CF60D9D5278B0F7E0023AD52 /* Sources */ = {
			isa = PBXSourcesBuildPhase;
			buildActionMask = 2147483647;
			files = (
				CFE98ED6278D1E8200302301 /* AppSessionManagerType.swift in Sources */,
				CF60D9E1278B0F7E0023AD52 /* ViewController.swift in Sources */,
				A50E29F7287ED045000CEA12 /* UIApplication+Singleton.swift in Sources */,
				A571E4FA28991186007799CF /* AppDatabase.swift in Sources */,
				CF60D9DD278B0F7E0023AD52 /* AppDelegate.swift in Sources */,
				CFE98EF4278D5E8600302301 /* AppSessionManager.swift in Sources */,
				CFE98EFA278D69A600302301 /* AppSessionNavigator.swift in Sources */,
			);
			runOnlyForDeploymentPostprocessing = 0;
		};
		CF60D9EB278B0F820023AD52 /* Sources */ = {
			isa = PBXSourcesBuildPhase;
			buildActionMask = 2147483647;
			files = (
				CF60D9F4278B0F820023AD52 /* MajicaTests.swift in Sources */,
			);
			runOnlyForDeploymentPostprocessing = 0;
		};
		CF60D9F6278B0F820023AD52 /* Sources */ = {
			isa = PBXSourcesBuildPhase;
			buildActionMask = 2147483647;
			files = (
				CF60D9FF278B0F820023AD52 /* MajicaUITests.swift in Sources */,
			);
			runOnlyForDeploymentPostprocessing = 0;
		};
		CFE98F26278D7CB300302301 /* Sources */ = {
			isa = PBXSourcesBuildPhase;
			buildActionMask = 2147483647;
			files = (
				CFE98F27278D7CB300302301 /* AppSessionManagerType.swift in Sources */,
				CFE98F28278D7CB300302301 /* ViewController.swift in Sources */,
				A50E29F5287ED045000CEA12 /* UIApplication+Singleton.swift in Sources */,
				A571E4F828991186007799CF /* AppDatabase.swift in Sources */,
				CFE98F29278D7CB300302301 /* AppDelegate.swift in Sources */,
				CFE98F2A278D7CB300302301 /* AppSessionManager.swift in Sources */,
				CFE98F2B278D7CB300302301 /* AppSessionNavigator.swift in Sources */,
			);
			runOnlyForDeploymentPostprocessing = 0;
		};
		CFE98F4A278D7CCC00302301 /* Sources */ = {
			isa = PBXSourcesBuildPhase;
			buildActionMask = 2147483647;
			files = (
				CFE98F4B278D7CCC00302301 /* AppSessionManagerType.swift in Sources */,
				CFE98F4C278D7CCC00302301 /* ViewController.swift in Sources */,
				A50E29F6287ED045000CEA12 /* UIApplication+Singleton.swift in Sources */,
				A571E4F928991186007799CF /* AppDatabase.swift in Sources */,
				CFE98F4D278D7CCC00302301 /* AppDelegate.swift in Sources */,
				CFE98F4E278D7CCC00302301 /* AppSessionManager.swift in Sources */,
				CFE98F4F278D7CCC00302301 /* AppSessionNavigator.swift in Sources */,
			);
			runOnlyForDeploymentPostprocessing = 0;
		};
/* End PBXSourcesBuildPhase section */

/* Begin PBXTargetDependency section */
		A5D29195286E91AA00B348B5 /* PBXTargetDependency */ = {
			isa = PBXTargetDependency;
			target = CFE98F25278D7CB300302301 /* TemplateDev */;
			targetProxy = A5D29194286E91AA00B348B5 /* PBXContainerItemProxy */;
		};
		CF60D9F1278B0F820023AD52 /* PBXTargetDependency */ = {
			isa = PBXTargetDependency;
			target = CF60D9D8278B0F7E0023AD52 /* TemplateProduction */;
			targetProxy = CF60D9F0278B0F820023AD52 /* PBXContainerItemProxy */;
		};
		CF60D9FC278B0F820023AD52 /* PBXTargetDependency */ = {
			isa = PBXTargetDependency;
			target = CF60D9D8278B0F7E0023AD52 /* TemplateProduction */;
			targetProxy = CF60D9FB278B0F820023AD52 /* PBXContainerItemProxy */;
		};
/* End PBXTargetDependency section */

/* Begin PBXVariantGroup section */
		CF60D9E7278B0F810023AD52 /* LaunchScreen.storyboard */ = {
			isa = PBXVariantGroup;
			children = (
				CF60D9E8278B0F810023AD52 /* Base */,
			);
			name = LaunchScreen.storyboard;
			sourceTree = "<group>";
		};
/* End PBXVariantGroup section */

/* Begin XCBuildConfiguration section */
		CF60DA01278B0F820023AD52 /* Debug */ = {
			isa = XCBuildConfiguration;
			buildSettings = {
				ALWAYS_SEARCH_USER_PATHS = NO;
				CLANG_ANALYZER_NONNULL = YES;
				CLANG_ANALYZER_NUMBER_OBJECT_CONVERSION = YES_AGGRESSIVE;
				CLANG_CXX_LANGUAGE_STANDARD = "gnu++14";
				CLANG_CXX_LIBRARY = "libc++";
				CLANG_ENABLE_MODULES = YES;
				CLANG_ENABLE_OBJC_ARC = YES;
				CLANG_ENABLE_OBJC_WEAK = YES;
				CLANG_WARN_BLOCK_CAPTURE_AUTORELEASING = YES;
				CLANG_WARN_BOOL_CONVERSION = YES;
				CLANG_WARN_COMMA = YES;
				CLANG_WARN_CONSTANT_CONVERSION = YES;
				CLANG_WARN_DEPRECATED_OBJC_IMPLEMENTATIONS = YES;
				CLANG_WARN_DIRECT_OBJC_ISA_USAGE = YES_ERROR;
				CLANG_WARN_DOCUMENTATION_COMMENTS = YES;
				CLANG_WARN_EMPTY_BODY = YES;
				CLANG_WARN_ENUM_CONVERSION = YES;
				CLANG_WARN_INFINITE_RECURSION = YES;
				CLANG_WARN_INT_CONVERSION = YES;
				CLANG_WARN_NON_LITERAL_NULL_CONVERSION = YES;
				CLANG_WARN_OBJC_IMPLICIT_RETAIN_SELF = YES;
				CLANG_WARN_OBJC_LITERAL_CONVERSION = YES;
				CLANG_WARN_OBJC_ROOT_CLASS = YES_ERROR;
				CLANG_WARN_QUOTED_INCLUDE_IN_FRAMEWORK_HEADER = YES;
				CLANG_WARN_RANGE_LOOP_ANALYSIS = YES;
				CLANG_WARN_STRICT_PROTOTYPES = YES;
				CLANG_WARN_SUSPICIOUS_MOVE = YES;
				CLANG_WARN_UNGUARDED_AVAILABILITY = YES_AGGRESSIVE;
				CLANG_WARN_UNREACHABLE_CODE = YES;
				CLANG_WARN__DUPLICATE_METHOD_MATCH = YES;
				COPY_PHASE_STRIP = NO;
				DEBUG_INFORMATION_FORMAT = dwarf;
				ENABLE_STRICT_OBJC_MSGSEND = YES;
				ENABLE_TESTABILITY = YES;
				GCC_C_LANGUAGE_STANDARD = gnu11;
				GCC_DYNAMIC_NO_PIC = NO;
				GCC_NO_COMMON_BLOCKS = YES;
				GCC_OPTIMIZATION_LEVEL = 0;
				GCC_PREPROCESSOR_DEFINITIONS = (
					"DEBUG=1",
					"$(inherited)",
				);
				GCC_WARN_64_TO_32_BIT_CONVERSION = YES;
				GCC_WARN_ABOUT_RETURN_TYPE = YES_ERROR;
				GCC_WARN_UNDECLARED_SELECTOR = YES;
				GCC_WARN_UNINITIALIZED_AUTOS = YES_AGGRESSIVE;
				GCC_WARN_UNUSED_FUNCTION = YES;
				GCC_WARN_UNUSED_VARIABLE = YES;
				IPHONEOS_DEPLOYMENT_TARGET = 13.0;
				MTL_ENABLE_DEBUG_INFO = INCLUDE_SOURCE;
				MTL_FAST_MATH = YES;
				ONLY_ACTIVE_ARCH = YES;
				SDKROOT = iphoneos;
				SWIFT_ACTIVE_COMPILATION_CONDITIONS = DEBUG;
				SWIFT_OPTIMIZATION_LEVEL = "-Onone";
			};
			name = Debug;
		};
		CF60DA02278B0F820023AD52 /* Release */ = {
			isa = XCBuildConfiguration;
			buildSettings = {
				ALWAYS_SEARCH_USER_PATHS = NO;
				CLANG_ANALYZER_NONNULL = YES;
				CLANG_ANALYZER_NUMBER_OBJECT_CONVERSION = YES_AGGRESSIVE;
				CLANG_CXX_LANGUAGE_STANDARD = "gnu++14";
				CLANG_CXX_LIBRARY = "libc++";
				CLANG_ENABLE_MODULES = YES;
				CLANG_ENABLE_OBJC_ARC = YES;
				CLANG_ENABLE_OBJC_WEAK = YES;
				CLANG_WARN_BLOCK_CAPTURE_AUTORELEASING = YES;
				CLANG_WARN_BOOL_CONVERSION = YES;
				CLANG_WARN_COMMA = YES;
				CLANG_WARN_CONSTANT_CONVERSION = YES;
				CLANG_WARN_DEPRECATED_OBJC_IMPLEMENTATIONS = YES;
				CLANG_WARN_DIRECT_OBJC_ISA_USAGE = YES_ERROR;
				CLANG_WARN_DOCUMENTATION_COMMENTS = YES;
				CLANG_WARN_EMPTY_BODY = YES;
				CLANG_WARN_ENUM_CONVERSION = YES;
				CLANG_WARN_INFINITE_RECURSION = YES;
				CLANG_WARN_INT_CONVERSION = YES;
				CLANG_WARN_NON_LITERAL_NULL_CONVERSION = YES;
				CLANG_WARN_OBJC_IMPLICIT_RETAIN_SELF = YES;
				CLANG_WARN_OBJC_LITERAL_CONVERSION = YES;
				CLANG_WARN_OBJC_ROOT_CLASS = YES_ERROR;
				CLANG_WARN_QUOTED_INCLUDE_IN_FRAMEWORK_HEADER = YES;
				CLANG_WARN_RANGE_LOOP_ANALYSIS = YES;
				CLANG_WARN_STRICT_PROTOTYPES = YES;
				CLANG_WARN_SUSPICIOUS_MOVE = YES;
				CLANG_WARN_UNGUARDED_AVAILABILITY = YES_AGGRESSIVE;
				CLANG_WARN_UNREACHABLE_CODE = YES;
				CLANG_WARN__DUPLICATE_METHOD_MATCH = YES;
				COPY_PHASE_STRIP = NO;
				DEBUG_INFORMATION_FORMAT = "dwarf-with-dsym";
				ENABLE_NS_ASSERTIONS = NO;
				ENABLE_STRICT_OBJC_MSGSEND = YES;
				GCC_C_LANGUAGE_STANDARD = gnu11;
				GCC_NO_COMMON_BLOCKS = YES;
				GCC_WARN_64_TO_32_BIT_CONVERSION = YES;
				GCC_WARN_ABOUT_RETURN_TYPE = YES_ERROR;
				GCC_WARN_UNDECLARED_SELECTOR = YES;
				GCC_WARN_UNINITIALIZED_AUTOS = YES_AGGRESSIVE;
				GCC_WARN_UNUSED_FUNCTION = YES;
				GCC_WARN_UNUSED_VARIABLE = YES;
				IPHONEOS_DEPLOYMENT_TARGET = 13.0;
				MTL_ENABLE_DEBUG_INFO = NO;
				MTL_FAST_MATH = YES;
				SDKROOT = iphoneos;
				SWIFT_COMPILATION_MODE = wholemodule;
				SWIFT_OPTIMIZATION_LEVEL = "-O";
				VALIDATE_PRODUCT = YES;
			};
			name = Release;
		};
		CF60DA04278B0F820023AD52 /* Debug */ = {
			isa = XCBuildConfiguration;
			buildSettings = {
				ASSETCATALOG_COMPILER_APPICON_NAME = AppIcon;
				ASSETCATALOG_COMPILER_GLOBAL_ACCENT_COLOR_NAME = AccentColor;
				CODE_SIGN_STYLE = Manual;
				DEVELOPMENT_TEAM = "";
				INFOPLIST_FILE = "$(SRCROOT)/Template/InfoProduction.plist";
				IPHONEOS_DEPLOYMENT_TARGET = 13.0;
				LD_RUNPATH_SEARCH_PATHS = (
					"$(inherited)",
					"@executable_path/Frameworks",
				);
				PRODUCT_BUNDLE_IDENTIFIER = com.supremetech.app;
				PRODUCT_NAME = "$(TARGET_NAME)";
				PROVISIONING_PROFILE_SPECIFIER = "";
				SWIFT_ACTIVE_COMPILATION_CONDITIONS = "PRODUCTION DEBUG";
				SWIFT_VERSION = 5.0;
				TARGETED_DEVICE_FAMILY = 1;
			};
			name = Debug;
		};
		CF60DA05278B0F820023AD52 /* Release */ = {
			isa = XCBuildConfiguration;
			buildSettings = {
				ASSETCATALOG_COMPILER_APPICON_NAME = AppIcon;
				ASSETCATALOG_COMPILER_GLOBAL_ACCENT_COLOR_NAME = AccentColor;
				CODE_SIGN_STYLE = Manual;
				DEVELOPMENT_TEAM = "";
				INFOPLIST_FILE = "$(SRCROOT)/Template/InfoProduction.plist";
				IPHONEOS_DEPLOYMENT_TARGET = 13.0;
				LD_RUNPATH_SEARCH_PATHS = (
					"$(inherited)",
					"@executable_path/Frameworks",
				);
				PRODUCT_BUNDLE_IDENTIFIER = com.supremetech.app;
				PRODUCT_NAME = "$(TARGET_NAME)";
				PROVISIONING_PROFILE_SPECIFIER = "";
				SWIFT_ACTIVE_COMPILATION_CONDITIONS = PRODUCTION;
				SWIFT_VERSION = 5.0;
				TARGETED_DEVICE_FAMILY = 1;
			};
			name = Release;
		};
		CF60DA07278B0F820023AD52 /* Debug */ = {
			isa = XCBuildConfiguration;
			buildSettings = {
				ALWAYS_EMBED_SWIFT_STANDARD_LIBRARIES = YES;
				BUNDLE_LOADER = "$(TEST_HOST)";
				CODE_SIGN_STYLE = Manual;
				DEVELOPMENT_TEAM = "";
				INFOPLIST_FILE = TemplateTests/Info.plist;
				IPHONEOS_DEPLOYMENT_TARGET = 14.1;
				LD_RUNPATH_SEARCH_PATHS = (
					"$(inherited)",
					"@executable_path/Frameworks",
					"@loader_path/Frameworks",
				);
				PRODUCT_BUNDLE_IDENTIFIER = supremetech.MajicaTests;
				PRODUCT_NAME = "$(TARGET_NAME)";
				PROVISIONING_PROFILE_SPECIFIER = "";
				"PROVISIONING_PROFILE_SPECIFIER[sdk=macosx*]" = "";
				SWIFT_VERSION = 5.0;
				TARGETED_DEVICE_FAMILY = "1,2";
				TEST_HOST = "$(BUILT_PRODUCTS_DIR)/TemplateDev.app/TemplateDev";
			};
			name = Debug;
		};
		CF60DA08278B0F820023AD52 /* Release */ = {
			isa = XCBuildConfiguration;
			buildSettings = {
				ALWAYS_EMBED_SWIFT_STANDARD_LIBRARIES = YES;
				BUNDLE_LOADER = "$(TEST_HOST)";
				CODE_SIGN_STYLE = Manual;
				DEVELOPMENT_TEAM = "";
				INFOPLIST_FILE = TemplateTests/Info.plist;
				IPHONEOS_DEPLOYMENT_TARGET = 14.1;
				LD_RUNPATH_SEARCH_PATHS = (
					"$(inherited)",
					"@executable_path/Frameworks",
					"@loader_path/Frameworks",
				);
				PRODUCT_BUNDLE_IDENTIFIER = supremetech.MajicaTests;
				PRODUCT_NAME = "$(TARGET_NAME)";
				PROVISIONING_PROFILE_SPECIFIER = "";
				"PROVISIONING_PROFILE_SPECIFIER[sdk=macosx*]" = "";
				SWIFT_VERSION = 5.0;
				TARGETED_DEVICE_FAMILY = "1,2";
				TEST_HOST = "$(BUILT_PRODUCTS_DIR)/TemplateDev.app/TemplateDev";
			};
			name = Release;
		};
		CF60DA0A278B0F820023AD52 /* Debug */ = {
			isa = XCBuildConfiguration;
			buildSettings = {
				ALWAYS_EMBED_SWIFT_STANDARD_LIBRARIES = YES;
				CODE_SIGN_STYLE = Automatic;
				DEVELOPMENT_TEAM = USH6AFRS9N;
				INFOPLIST_FILE = TemplateUITests/Info.plist;
				LD_RUNPATH_SEARCH_PATHS = (
					"$(inherited)",
					"@executable_path/Frameworks",
					"@loader_path/Frameworks",
				);
				PRODUCT_BUNDLE_IDENTIFIER = supremetech.MajicaUITests;
				PRODUCT_NAME = "$(TARGET_NAME)";
				SWIFT_VERSION = 5.0;
				TARGETED_DEVICE_FAMILY = "1,2";
				TEST_TARGET_NAME = Majica;
			};
			name = Debug;
		};
		CF60DA0B278B0F820023AD52 /* Release */ = {
			isa = XCBuildConfiguration;
			buildSettings = {
				ALWAYS_EMBED_SWIFT_STANDARD_LIBRARIES = YES;
				CODE_SIGN_STYLE = Automatic;
				DEVELOPMENT_TEAM = USH6AFRS9N;
				INFOPLIST_FILE = TemplateUITests/Info.plist;
				LD_RUNPATH_SEARCH_PATHS = (
					"$(inherited)",
					"@executable_path/Frameworks",
					"@loader_path/Frameworks",
				);
				PRODUCT_BUNDLE_IDENTIFIER = supremetech.MajicaUITests;
				PRODUCT_NAME = "$(TARGET_NAME)";
				SWIFT_VERSION = 5.0;
				TARGETED_DEVICE_FAMILY = "1,2";
				TEST_TARGET_NAME = Majica;
			};
			name = Release;
		};
		CFE98F43278D7CB300302301 /* Debug */ = {
			isa = XCBuildConfiguration;
			buildSettings = {
				ASSETCATALOG_COMPILER_APPICON_NAME = AppIcon;
				ASSETCATALOG_COMPILER_GLOBAL_ACCENT_COLOR_NAME = AccentColor;
				CODE_SIGN_IDENTITY = "iPhone Developer";
				CODE_SIGN_STYLE = Manual;
				DEVELOPMENT_TEAM = C9MWYPX772;
				INFOPLIST_FILE = "$(SRCROOT)/Template/InfoDev.plist";
				IPHONEOS_DEPLOYMENT_TARGET = 13.0;
				LD_RUNPATH_SEARCH_PATHS = (
					"$(inherited)",
					"@executable_path/Frameworks",
				);
				PRODUCT_BUNDLE_IDENTIFIER = st.majica.dev;
				PRODUCT_NAME = "$(TARGET_NAME)";
				PROVISIONING_PROFILE_SPECIFIER = "Majica Development";
				SWIFT_ACTIVE_COMPILATION_CONDITIONS = "DEMO_MODE DEBUG";
				SWIFT_VERSION = 5.0;
				TARGETED_DEVICE_FAMILY = 1;
			};
			name = Debug;
		};
		CFE98F44278D7CB300302301 /* Release */ = {
			isa = XCBuildConfiguration;
			buildSettings = {
				ASSETCATALOG_COMPILER_APPICON_NAME = AppIcon;
				ASSETCATALOG_COMPILER_GLOBAL_ACCENT_COLOR_NAME = AccentColor;
				CODE_SIGN_STYLE = Manual;
				DEVELOPMENT_TEAM = "";
				INFOPLIST_FILE = "$(SRCROOT)/Template/InfoDev.plist";
				IPHONEOS_DEPLOYMENT_TARGET = 13.0;
				LD_RUNPATH_SEARCH_PATHS = (
					"$(inherited)",
					"@executable_path/Frameworks",
				);
				PRODUCT_BUNDLE_IDENTIFIER = com.supremtech.app.dev;
				PRODUCT_NAME = "$(TARGET_NAME)";
				PROVISIONING_PROFILE_SPECIFIER = "";
				SWIFT_ACTIVE_COMPILATION_CONDITIONS = DEMO_MODE;
				SWIFT_VERSION = 5.0;
				TARGETED_DEVICE_FAMILY = 1;
			};
			name = Release;
		};
		CFE98F67278D7CCC00302301 /* Debug */ = {
			isa = XCBuildConfiguration;
			buildSettings = {
				ASSETCATALOG_COMPILER_APPICON_NAME = AppIcon;
				ASSETCATALOG_COMPILER_GLOBAL_ACCENT_COLOR_NAME = AccentColor;
				CODE_SIGN_STYLE = Manual;
				DEVELOPMENT_TEAM = "";
				INFOPLIST_FILE = "$(SRCROOT)/Template/InfoStaging.plist";
				IPHONEOS_DEPLOYMENT_TARGET = 13.0;
				LD_RUNPATH_SEARCH_PATHS = (
					"$(inherited)",
					"@executable_path/Frameworks",
				);
				PRODUCT_BUNDLE_IDENTIFIER = com.supremetech.app.stg;
				PRODUCT_NAME = "$(TARGET_NAME)";
				PROVISIONING_PROFILE_SPECIFIER = "";
				SWIFT_ACTIVE_COMPILATION_CONDITIONS = "STAGING DEBUG";
				SWIFT_VERSION = 5.0;
				TARGETED_DEVICE_FAMILY = 1;
			};
			name = Debug;
		};
		CFE98F68278D7CCC00302301 /* Release */ = {
			isa = XCBuildConfiguration;
			buildSettings = {
				ASSETCATALOG_COMPILER_APPICON_NAME = AppIcon;
				ASSETCATALOG_COMPILER_GLOBAL_ACCENT_COLOR_NAME = AccentColor;
				CODE_SIGN_STYLE = Manual;
				DEVELOPMENT_TEAM = "";
				INFOPLIST_FILE = "$(SRCROOT)/Template/InfoStaging.plist";
				IPHONEOS_DEPLOYMENT_TARGET = 13.0;
				LD_RUNPATH_SEARCH_PATHS = (
					"$(inherited)",
					"@executable_path/Frameworks",
				);
				PRODUCT_BUNDLE_IDENTIFIER = com.supremetech.app.stg;
				PRODUCT_NAME = "$(TARGET_NAME)";
				PROVISIONING_PROFILE_SPECIFIER = "";
				SWIFT_ACTIVE_COMPILATION_CONDITIONS = STAGING;
				SWIFT_VERSION = 5.0;
				TARGETED_DEVICE_FAMILY = 1;
			};
			name = Release;
		};
/* End XCBuildConfiguration section */

/* Begin XCConfigurationList section */
		CF60D9D4278B0F7E0023AD52 /* Build configuration list for PBXProject "Template" */ = {
			isa = XCConfigurationList;
			buildConfigurations = (
				CF60DA01278B0F820023AD52 /* Debug */,
				CF60DA02278B0F820023AD52 /* Release */,
			);
			defaultConfigurationIsVisible = 0;
			defaultConfigurationName = Release;
		};
		CF60DA03278B0F820023AD52 /* Build configuration list for PBXNativeTarget "TemplateProduction" */ = {
			isa = XCConfigurationList;
			buildConfigurations = (
				CF60DA04278B0F820023AD52 /* Debug */,
				CF60DA05278B0F820023AD52 /* Release */,
			);
			defaultConfigurationIsVisible = 0;
			defaultConfigurationName = Release;
		};
		CF60DA06278B0F820023AD52 /* Build configuration list for PBXNativeTarget "TemplateTests" */ = {
			isa = XCConfigurationList;
			buildConfigurations = (
				CF60DA07278B0F820023AD52 /* Debug */,
				CF60DA08278B0F820023AD52 /* Release */,
			);
			defaultConfigurationIsVisible = 0;
			defaultConfigurationName = Release;
		};
		CF60DA09278B0F820023AD52 /* Build configuration list for PBXNativeTarget "TemplateUITests" */ = {
			isa = XCConfigurationList;
			buildConfigurations = (
				CF60DA0A278B0F820023AD52 /* Debug */,
				CF60DA0B278B0F820023AD52 /* Release */,
			);
			defaultConfigurationIsVisible = 0;
			defaultConfigurationName = Release;
		};
		CFE98F42278D7CB300302301 /* Build configuration list for PBXNativeTarget "TemplateDev" */ = {
			isa = XCConfigurationList;
			buildConfigurations = (
				CFE98F43278D7CB300302301 /* Debug */,
				CFE98F44278D7CB300302301 /* Release */,
			);
			defaultConfigurationIsVisible = 0;
			defaultConfigurationName = Release;
		};
		CFE98F66278D7CCC00302301 /* Build configuration list for PBXNativeTarget "TemplateStaging" */ = {
			isa = XCConfigurationList;
			buildConfigurations = (
				CFE98F67278D7CCC00302301 /* Debug */,
				CFE98F68278D7CCC00302301 /* Release */,
			);
			defaultConfigurationIsVisible = 0;
			defaultConfigurationName = Release;
		};
/* End XCConfigurationList section */
	};
	rootObject = CF60D9D1278B0F7E0023AD52 /* Project object */;
}
