<?xml version="1.0" encoding="UTF-8"?>
<Scheme
   LastUpgradeVersion = "1330"
   version = "1.3">
   <BuildAction
      parallelizeBuildables = "YES"
      buildImplicitDependencies = "YES">
      <BuildActionEntries>
         <BuildActionEntry
            buildForTesting = "YES"
            buildForRunning = "YES"
            buildForProfiling = "NO"
            buildForArchiving = "NO"
            buildForAnalyzing = "NO">
            <BuildableReference
               BuildableIdentifier = "primary"
               BlueprintIdentifier = "CFE98F25278D7CB300302301"
               BuildableName = "WindyDev.app"
               BlueprintName = "WindyDev"
               ReferencedContainer = "container:Windy.xcodeproj">
            </BuildableReference>
         </BuildActionEntry>
         <BuildActionEntry
            buildForTesting = "YES"
            buildForRunning = "NO"
            buildForProfiling = "NO"
            buildForArchiving = "NO"
            buildForAnalyzing = "NO">
            <BuildableReference
               BuildableIdentifier = "primary"
               BlueprintIdentifier = "A59E547B286EB4DF00A27DCC"
               BuildableName = "MDataStoreTests.xctest"
               BlueprintName = "MDataStoreTests"
               ReferencedContainer = "container:../InternalLibrary/MDataStore/MDataStore.xcodeproj">
            </BuildableReference>
         </BuildActionEntry>
         <BuildActionEntry
            buildForTesting = "YES"
            buildForRunning = "NO"
            buildForProfiling = "NO"
            buildForArchiving = "NO"
            buildForAnalyzing = "NO">
            <BuildableReference
               BuildableIdentifier = "primary"
               BlueprintIdentifier = "CF60DB19278B20B50023AD52"
               BuildableName = "MErrorTests.xctest"
               BlueprintName = "MErrorTests"
               ReferencedContainer = "container:../InternalLibrary/MError/MError.xcodeproj">
            </BuildableReference>
         </BuildActionEntry>
         <BuildActionEntry
            buildForTesting = "YES"
            buildForRunning = "NO"
            buildForProfiling = "NO"
            buildForArchiving = "NO"
            buildForAnalyzing = "NO">
            <BuildableReference
               BuildableIdentifier = "primary"
               BlueprintIdentifier = "CFE98D48278B225000302301"
               BuildableName = "MModelsTests.xctest"
               BlueprintName = "MModelsTests"
               ReferencedContainer = "container:../InternalLibrary/MModels/MModels.xcodeproj">
            </BuildableReference>
         </BuildActionEntry>
         <BuildActionEntry
            buildForTesting = "YES"
            buildForRunning = "NO"
            buildForProfiling = "NO"
            buildForArchiving = "NO"
            buildForAnalyzing = "NO">
            <BuildableReference
               BuildableIdentifier = "primary"
               BlueprintIdentifier = "CFE98D86278B235200302301"
               BuildableName = "MNavigatorTests.xctest"
               BlueprintName = "MNavigatorTests"
               ReferencedContainer = "container:../InternalLibrary/MNavigator/MNavigator.xcodeproj">
            </BuildableReference>
         </BuildActionEntry>
         <BuildActionEntry
            buildForTesting = "YES"
            buildForRunning = "NO"
            buildForProfiling = "NO"
            buildForArchiving = "NO"
            buildForAnalyzing = "NO">
            <BuildableReference
               BuildableIdentifier = "primary"
               BlueprintIdentifier = "CFE98DC7278B24E400302301"
               BuildableName = "MNetworkTests.xctest"
               BlueprintName = "MNetworkTests"
               ReferencedContainer = "container:../InternalLibrary/MNetwork/MNetwork.xcodeproj">
            </BuildableReference>
         </BuildActionEntry>
         <BuildActionEntry
            buildForTesting = "YES"
            buildForRunning = "NO"
            buildForProfiling = "NO"
            buildForArchiving = "NO"
            buildForAnalyzing = "NO">
            <BuildableReference
               BuildableIdentifier = "primary"
               BlueprintIdentifier = "CF60DABB278B1B240023AD52"
               BuildableName = "MResourcesTests.xctest"
               BlueprintName = "MResourcesTests"
               ReferencedContainer = "container:../InternalLibrary/MResources/MResources.xcodeproj">
            </BuildableReference>
         </BuildActionEntry>
         <BuildActionEntry
            buildForTesting = "YES"
            buildForRunning = "NO"
            buildForProfiling = "NO"
            buildForArchiving = "NO"
            buildForAnalyzing = "NO">
            <BuildableReference
               BuildableIdentifier = "primary"
               BlueprintIdentifier = "CFE98EB2278C779D00302301"
               BuildableName = "MServiceTests.xctest"
               BlueprintName = "MServiceTests"
               ReferencedContainer = "container:../InternalLibrary/MService/MService.xcodeproj">
            </BuildableReference>
         </BuildActionEntry>
         <BuildActionEntry
            buildForTesting = "YES"
            buildForRunning = "NO"
            buildForProfiling = "NO"
            buildForArchiving = "NO"
            buildForAnalyzing = "NO">
            <BuildableReference
               BuildableIdentifier = "primary"
               BlueprintIdentifier = "A59E53E4286EA1A600A27DCC"
               BuildableName = "MTestBaseTests.xctest"
               BlueprintName = "MTestBaseTests"
               ReferencedContainer = "container:../InternalLibrary/MTestBase/MTestBase.xcodeproj">
            </BuildableReference>
         </BuildActionEntry>
         <BuildActionEntry
            buildForTesting = "YES"
            buildForRunning = "NO"
            buildForProfiling = "NO"
            buildForArchiving = "NO"
            buildForAnalyzing = "NO">
            <BuildableReference
               BuildableIdentifier = "primary"
               BlueprintIdentifier = "CFE98E62278BBAD900302301"
               BuildableName = "MUIComponentsTests.xctest"
               BlueprintName = "MUIComponentsTests"
               ReferencedContainer = "container:../InternalLibrary/MUIComponents/MUIComponents.xcodeproj">
            </BuildableReference>
         </BuildActionEntry>
         <BuildActionEntry
            buildForTesting = "YES"
            buildForRunning = "NO"
            buildForProfiling = "NO"
            buildForArchiving = "NO"
            buildForAnalyzing = "NO">
            <BuildableReference
               BuildableIdentifier = "primary"
               BlueprintIdentifier = "CF60DA27278B110C0023AD52"
               BuildableName = "MUtilityTests.xctest"
               BlueprintName = "MUtilityTests"
               ReferencedContainer = "container:../InternalLibrary/MUtility/MUtility.xcodeproj">
            </BuildableReference>
         </BuildActionEntry>
         <BuildActionEntry
            buildForTesting = "YES"
            buildForRunning = "NO"
            buildForProfiling = "NO"
            buildForArchiving = "NO"
            buildForAnalyzing = "NO">
            <BuildableReference
               BuildableIdentifier = "primary"
               BlueprintIdentifier = "CF60D9EE278B0F820023AD52"
               BuildableName = "WindyTests.xctest"
               BlueprintName = "WindyTests"
               ReferencedContainer = "container:Windy.xcodeproj">
            </BuildableReference>
         </BuildActionEntry>
      </BuildActionEntries>
   </BuildAction>
   <TestAction
      buildConfiguration = "Debug"
      selectedDebuggerIdentifier = "Xcode.DebuggerFoundation.Debugger.LLDB"
      selectedLauncherIdentifier = "Xcode.DebuggerFoundation.Launcher.LLDB"
      shouldUseLaunchSchemeArgsEnv = "YES"
      codeCoverageEnabled = "YES"
      onlyGenerateCoverageForSpecifiedTargets = "YES">
      <CodeCoverageTargets>
         <BuildableReference
            BuildableIdentifier = "primary"
            BlueprintIdentifier = "CF60DAB2278B1B240023AD52"
            BuildableName = "MResources.framework"
            BlueprintName = "MResources"
            ReferencedContainer = "container:../InternalLibrary/MResources/MResources.xcodeproj">
         </BuildableReference>
         <BuildableReference
            BuildableIdentifier = "primary"
            BlueprintIdentifier = "A59E5471286EB4DE00A27DCC"
            BuildableName = "MDataStore.framework"
            BlueprintName = "MDataStore"
            ReferencedContainer = "container:../InternalLibrary/MDataStore/MDataStore.xcodeproj">
         </BuildableReference>
         <BuildableReference
            BuildableIdentifier = "primary"
            BlueprintIdentifier = "A59E53DA286EA1A600A27DCC"
            BuildableName = "MTestBase.framework"
            BlueprintName = "MTestBase"
            ReferencedContainer = "container:../InternalLibrary/MTestBase/MTestBase.xcodeproj">
         </BuildableReference>
         <BuildableReference
            BuildableIdentifier = "primary"
            BlueprintIdentifier = "CFE98F25278D7CB300302301"
            BuildableName = "TemplateDev.app"
            BlueprintName = "TemplateDev"
            ReferencedContainer = "container:../Template.xcodeproj">
         </BuildableReference>
         <BuildableReference
            BuildableIdentifier = "primary"
            BlueprintIdentifier = "CFE98F25278D7CB300302301"
            BuildableName = "WindyDev.app"
            BlueprintName = "WindyDev"
            ReferencedContainer = "container:Windy.xcodeproj">
         </BuildableReference>
         <BuildableReference
            BuildableIdentifier = "primary"
            BlueprintIdentifier = "CF60DA1E278B110B0023AD52"
            BuildableName = "MUtility.framework"
            BlueprintName = "MUtility"
            ReferencedContainer = "container:../InternalLibrary/MUtility/MUtility.xcodeproj">
         </BuildableReference>
         <BuildableReference
            BuildableIdentifier = "primary"
            BlueprintIdentifier = "CFE98EA9278C779D00302301"
            BuildableName = "MService.framework"
            BlueprintName = "MService"
            ReferencedContainer = "container:../InternalLibrary/MService/MService.xcodeproj">
         </BuildableReference>
         <BuildableReference
            BuildableIdentifier = "primary"
            BlueprintIdentifier = "CF60DB10278B20B50023AD52"
            BuildableName = "MError.framework"
            BlueprintName = "MError"
            ReferencedContainer = "container:../InternalLibrary/MError/MError.xcodeproj">
         </BuildableReference>
         <BuildableReference
            BuildableIdentifier = "primary"
            BlueprintIdentifier = "CFE98D3F278B225000302301"
            BuildableName = "MModels.framework"
            BlueprintName = "MModels"
            ReferencedContainer = "container:../InternalLibrary/MModels/MModels.xcodeproj">
         </BuildableReference>
         <BuildableReference
            BuildableIdentifier = "primary"
            BlueprintIdentifier = "CFE98E59278BBAD900302301"
            BuildableName = "MUIComponents.framework"
            BlueprintName = "MUIComponents"
            ReferencedContainer = "container:../InternalLibrary/MUIComponents/MUIComponents.xcodeproj">
         </BuildableReference>
      </CodeCoverageTargets>
      <Testables>
         <TestableReference
            skipped = "NO">
            <BuildableReference
               BuildableIdentifier = "primary"
               BlueprintIdentifier = "A59E547B286EB4DF00A27DCC"
               BuildableName = "MDataStoreTests.xctest"
               BlueprintName = "MDataStoreTests"
               ReferencedContainer = "container:../InternalLibrary/MDataStore/MDataStore.xcodeproj">
            </BuildableReference>
         </TestableReference>
         <TestableReference
            skipped = "NO">
            <BuildableReference
               BuildableIdentifier = "primary"
               BlueprintIdentifier = "CF60DB19278B20B50023AD52"
               BuildableName = "MErrorTests.xctest"
               BlueprintName = "MErrorTests"
               ReferencedContainer = "container:../InternalLibrary/MError/MError.xcodeproj">
            </BuildableReference>
         </TestableReference>
         <TestableReference
            skipped = "NO">
            <BuildableReference
               BuildableIdentifier = "primary"
               BlueprintIdentifier = "CFE98D48278B225000302301"
               BuildableName = "MModelsTests.xctest"
               BlueprintName = "MModelsTests"
               ReferencedContainer = "container:../InternalLibrary/MModels/MModels.xcodeproj">
            </BuildableReference>
         </TestableReference>
         <TestableReference
            skipped = "NO">
            <BuildableReference
               BuildableIdentifier = "primary"
               BlueprintIdentifier = "CFE98D86278B235200302301"
               BuildableName = "MNavigatorTests.xctest"
               BlueprintName = "MNavigatorTests"
               ReferencedContainer = "container:../InternalLibrary/MNavigator/MNavigator.xcodeproj">
            </BuildableReference>
         </TestableReference>
         <TestableReference
            skipped = "NO">
            <BuildableReference
               BuildableIdentifier = "primary"
               BlueprintIdentifier = "CFE98DC7278B24E400302301"
               BuildableName = "MNetworkTests.xctest"
               BlueprintName = "MNetworkTests"
               ReferencedContainer = "container:../InternalLibrary/MNetwork/MNetwork.xcodeproj">
            </BuildableReference>
         </TestableReference>
         <TestableReference
            skipped = "NO">
            <BuildableReference
               BuildableIdentifier = "primary"
               BlueprintIdentifier = "CF60DABB278B1B240023AD52"
               BuildableName = "MResourcesTests.xctest"
               BlueprintName = "MResourcesTests"
               ReferencedContainer = "container:../InternalLibrary/MResources/MResources.xcodeproj">
            </BuildableReference>
         </TestableReference>
         <TestableReference
            skipped = "NO">
            <BuildableReference
               BuildableIdentifier = "primary"
               BlueprintIdentifier = "CFE98EB2278C779D00302301"
               BuildableName = "MServiceTests.xctest"
               BlueprintName = "MServiceTests"
               ReferencedContainer = "container:../InternalLibrary/MService/MService.xcodeproj">
            </BuildableReference>
         </TestableReference>
         <TestableReference
            skipped = "NO">
            <BuildableReference
               BuildableIdentifier = "primary"
               BlueprintIdentifier = "A59E53E4286EA1A600A27DCC"
               BuildableName = "MTestBaseTests.xctest"
               BlueprintName = "MTestBaseTests"
               ReferencedContainer = "container:../InternalLibrary/MTestBase/MTestBase.xcodeproj">
            </BuildableReference>
         </TestableReference>
         <TestableReference
            skipped = "NO">
            <BuildableReference
               BuildableIdentifier = "primary"
               BlueprintIdentifier = "CFE98E62278BBAD900302301"
               BuildableName = "MUIComponentsTests.xctest"
               BlueprintName = "MUIComponentsTests"
               ReferencedContainer = "container:../InternalLibrary/MUIComponents/MUIComponents.xcodeproj">
            </BuildableReference>
         </TestableReference>
         <TestableReference
            skipped = "NO">
            <BuildableReference
               BuildableIdentifier = "primary"
               BlueprintIdentifier = "CF60DA27278B110C0023AD52"
               BuildableName = "MUtilityTests.xctest"
               BlueprintName = "MUtilityTests"
               ReferencedContainer = "container:../InternalLibrary/MUtility/MUtility.xcodeproj">
            </BuildableReference>
         </TestableReference>
         <TestableReference
            skipped = "NO">
            <BuildableReference
               BuildableIdentifier = "primary"
               BlueprintIdentifier = "CF60D9EE278B0F820023AD52"
               BuildableName = "WindyTests.xctest"
               BlueprintName = "WindyTests"
               ReferencedContainer = "container:Windy.xcodeproj">
            </BuildableReference>
         </TestableReference>
      </Testables>
   </TestAction>
   <LaunchAction
      buildConfiguration = "Debug"
      selectedDebuggerIdentifier = "Xcode.DebuggerFoundation.Debugger.LLDB"
      selectedLauncherIdentifier = "Xcode.DebuggerFoundation.Launcher.LLDB"
      launchStyle = "0"
      useCustomWorkingDirectory = "NO"
      ignoresPersistentStateOnLaunch = "NO"
      debugDocumentVersioning = "YES"
      debugServiceExtension = "internal"
      allowLocationSimulation = "YES">
      <BuildableProductRunnable
         runnableDebuggingMode = "0">
         <BuildableReference
            BuildableIdentifier = "primary"
            BlueprintIdentifier = "CFE98F25278D7CB300302301"
            BuildableName = "WindyDev.app"
            BlueprintName = "WindyDev"
            ReferencedContainer = "container:Windy.xcodeproj">
         </BuildableReference>
      </BuildableProductRunnable>
   </LaunchAction>
   <ProfileAction
      buildConfiguration = "Release"
      shouldUseLaunchSchemeArgsEnv = "YES"
      savedToolIdentifier = ""
      useCustomWorkingDirectory = "NO"
      debugDocumentVersioning = "YES">
      <MacroExpansion>
         <BuildableReference
            BuildableIdentifier = "primary"
            BlueprintIdentifier = "CFE98F25278D7CB300302301"
            BuildableName = "WindyDev.app"
            BlueprintName = "WindyDev"
            ReferencedContainer = "container:Windy.xcodeproj">
         </BuildableReference>
      </MacroExpansion>
   </ProfileAction>
   <AnalyzeAction
      buildConfiguration = "Debug">
   </AnalyzeAction>
   <ArchiveAction
      buildConfiguration = "Release"
      revealArchiveInOrganizer = "YES">
   </ArchiveAction>
</Scheme>
