// !$*UTF8*$!
{
	archiveVersion = 1;
	classes = {
	};
	objectVersion = 52;
	objects = {

/* Begin PBXBuildFile section */
		A50E29DA287EA891000CEA12 /* WindyEndpoint.swift in Sources */ = {isa = PBXBuildFile; fileRef = A50E29D9287EA891000CEA12 /* WindyEndpoint.swift */; };
		A50E29E1287EBC95000CEA12 /* WindyApiClient.swift in Sources */ = {isa = PBXBuildFile; fileRef = A50E29E0287EBC95000CEA12 /* WindyApiClient.swift */; };
		A5FA66E62888EAEF000E21A8 /* URLSchemeResolverSpec.swift in Sources */ = {isa = PBXBuildFile; fileRef = A5FA66E52888EAEF000E21A8 /* URLSchemeResolverSpec.swift */; };
		A5FA66E82888ED2C000E21A8 /* WindyApiClientIntegrationSpec.swift in Sources */ = {isa = PBXBuildFile; fileRef = A5FA66E72888ED2C000E21A8 /* WindyApiClientIntegrationSpec.swift */; };
		A5FA66EA2888EE0F000E21A8 /* ApiClient+Test.swift in Sources */ = {isa = PBXBuildFile; fileRef = A5FA66E92888EE0F000E21A8 /* ApiClient+Test.swift */; };
		A5FA66EC2888F0FF000E21A8 /* DispatchTimeInterval+IntegrationTimeout.swift in Sources */ = {isa = PBXBuildFile; fileRef = A5FA66EB2888F0FF000E21A8 /* DispatchTimeInterval+IntegrationTimeout.swift */; };
		A5FA66F02888F261000E21A8 /* MTestBase.framework in Frameworks */ = {isa = PBXBuildFile; fileRef = A5FA66EF2888F261000E21A8 /* MTestBase.framework */; };
		CFE98DC9278B24E400302301 /* MNetwork.framework in Frameworks */ = {isa = PBXBuildFile; fileRef = CFE98DBF278B24E400302301 /* MNetwork.framework */; };
		CFE98DCE278B24E400302301 /* MNetworkTests.swift in Sources */ = {isa = PBXBuildFile; fileRef = CFE98DCD278B24E400302301 /* MNetworkTests.swift */; };
		CFE98DD0278B24E400302301 /* MNetwork.h in Headers */ = {isa = PBXBuildFile; fileRef = CFE98DC2278B24E400302301 /* MNetwork.h */; settings = {ATTRIBUTES = (Public, ); }; };
		CFE98DF9278B251F00302301 /* Endpoint+URLRequest.swift in Sources */ = {isa = PBXBuildFile; fileRef = CFE98DE0278B251E00302301 /* Endpoint+URLRequest.swift */; };
		CFE98DFA278B251F00302301 /* SessionManager+Configuration.swift in Sources */ = {isa = PBXBuildFile; fileRef = CFE98DE1278B251E00302301 /* SessionManager+Configuration.swift */; };
		CFE98DFB278B251F00302301 /* SessionManager+SessionManageable.swift in Sources */ = {isa = PBXBuildFile; fileRef = CFE98DE2278B251E00302301 /* SessionManager+SessionManageable.swift */; };
		CFE98DFE278B251F00302301 /* CertificateProvider.swift in Sources */ = {isa = PBXBuildFile; fileRef = CFE98DE8278B251F00302301 /* CertificateProvider.swift */; };
		CFE98DFF278B251F00302301 /* URLSchemeResolver.swift in Sources */ = {isa = PBXBuildFile; fileRef = CFE98DE9278B251F00302301 /* URLSchemeResolver.swift */; };
		CFE98E00278B251F00302301 /* ValidationType.swift in Sources */ = {isa = PBXBuildFile; fileRef = CFE98DEA278B251F00302301 /* ValidationType.swift */; };
		CFE98E01278B251F00302301 /* DomainConfigurator.swift in Sources */ = {isa = PBXBuildFile; fileRef = CFE98DEB278B251F00302301 /* DomainConfigurator.swift */; };
		CFE98E02278B251F00302301 /* SessionManageable.swift in Sources */ = {isa = PBXBuildFile; fileRef = CFE98DEC278B251F00302301 /* SessionManageable.swift */; };
		CFE98E03278B251F00302301 /* ApiClient.swift in Sources */ = {isa = PBXBuildFile; fileRef = CFE98DED278B251F00302301 /* ApiClient.swift */; };
		CFE98E04278B251F00302301 /* DecodableResponseType.swift in Sources */ = {isa = PBXBuildFile; fileRef = CFE98DEE278B251F00302301 /* DecodableResponseType.swift */; };
		CFE98E05278B251F00302301 /* NetworkDispatchQueue.swift in Sources */ = {isa = PBXBuildFile; fileRef = CFE98DEF278B251F00302301 /* NetworkDispatchQueue.swift */; };
		CFE98E06278B251F00302301 /* ApiUrlProviderType.swift in Sources */ = {isa = PBXBuildFile; fileRef = CFE98DF0278B251F00302301 /* ApiUrlProviderType.swift */; };
		CFE98E07278B251F00302301 /* TypeAlias.swift in Sources */ = {isa = PBXBuildFile; fileRef = CFE98DF1278B251F00302301 /* TypeAlias.swift */; };
		CFE98E08278B251F00302301 /* APIServer.swift in Sources */ = {isa = PBXBuildFile; fileRef = CFE98DF2278B251F00302301 /* APIServer.swift */; };
		CFE98E09278B251F00302301 /* HttpRequestInterceptorType.swift in Sources */ = {isa = PBXBuildFile; fileRef = CFE98DF3278B251F00302301 /* HttpRequestInterceptorType.swift */; };
		CFE98E0A278B251F00302301 /* HttpStatus.swift in Sources */ = {isa = PBXBuildFile; fileRef = CFE98DF4278B251F00302301 /* HttpStatus.swift */; };
		CFE98E0B278B251F00302301 /* RequestType.swift in Sources */ = {isa = PBXBuildFile; fileRef = CFE98DF5278B251F00302301 /* RequestType.swift */; };
		CFE98E0C278B251F00302301 /* HttpHeaderKeyType.swift in Sources */ = {isa = PBXBuildFile; fileRef = CFE98DF6278B251F00302301 /* HttpHeaderKeyType.swift */; };
		CFE98E0D278B251F00302301 /* Endpoint.swift in Sources */ = {isa = PBXBuildFile; fileRef = CFE98DF7278B251F00302301 /* Endpoint.swift */; };
		CFE98E14278B256900302301 /* Alamofire in Frameworks */ = {isa = PBXBuildFile; productRef = CFE98E13278B256900302301 /* Alamofire */; };
		CFE98E19278B257300302301 /* MError.framework in Frameworks */ = {isa = PBXBuildFile; fileRef = CFE98E18278B257300302301 /* MError.framework */; };
		CFE98E1F278B257900302301 /* MModels.framework in Frameworks */ = {isa = PBXBuildFile; fileRef = CFE98E1E278B257900302301 /* MModels.framework */; };
		CFE98E22278B257D00302301 /* MUtility.framework in Frameworks */ = {isa = PBXBuildFile; fileRef = CFE98E21278B257D00302301 /* MUtility.framework */; };
		CFE98E27278B25E200302301 /* MResources.framework in Frameworks */ = {isa = PBXBuildFile; fileRef = CFE98E26278B25E200302301 /* MResources.framework */; };
		CFE98E99278C726700302301 /* ExampleApiClients.swift in Sources */ = {isa = PBXBuildFile; fileRef = CFE98E98278C726700302301 /* ExampleApiClients.swift */; };
		CFE98E9D278C744400302301 /* ExampleEndpoint.swift in Sources */ = {isa = PBXBuildFile; fileRef = CFE98E9C278C744400302301 /* ExampleEndpoint.swift */; };
/* End PBXBuildFile section */

/* Begin PBXContainerItemProxy section */
		CFE98DCA278B24E400302301 /* PBXContainerItemProxy */ = {
			isa = PBXContainerItemProxy;
			containerPortal = CFE98DB6278B24E400302301 /* Project object */;
			proxyType = 1;
			remoteGlobalIDString = CFE98DBE278B24E400302301;
			remoteInfo = MNetwork;
		};
/* End PBXContainerItemProxy section */

/* Begin PBXFileReference section */
		A50E29D9287EA891000CEA12 /* WindyEndpoint.swift */ = {isa = PBXFileReference; lastKnownFileType = sourcecode.swift; path = WindyEndpoint.swift; sourceTree = "<group>"; };
		A50E29E0287EBC95000CEA12 /* WindyApiClient.swift */ = {isa = PBXFileReference; lastKnownFileType = sourcecode.swift; path = WindyApiClient.swift; sourceTree = "<group>"; };
		A5FA66E52888EAEF000E21A8 /* URLSchemeResolverSpec.swift */ = {isa = PBXFileReference; lastKnownFileType = sourcecode.swift; path = URLSchemeResolverSpec.swift; sourceTree = "<group>"; };
		A5FA66E72888ED2C000E21A8 /* WindyApiClientIntegrationSpec.swift */ = {isa = PBXFileReference; lastKnownFileType = sourcecode.swift; path = WindyApiClientIntegrationSpec.swift; sourceTree = "<group>"; };
		A5FA66E92888EE0F000E21A8 /* ApiClient+Test.swift */ = {isa = PBXFileReference; lastKnownFileType = sourcecode.swift; path = "ApiClient+Test.swift"; sourceTree = "<group>"; };
		A5FA66EB2888F0FF000E21A8 /* DispatchTimeInterval+IntegrationTimeout.swift */ = {isa = PBXFileReference; lastKnownFileType = sourcecode.swift; path = "DispatchTimeInterval+IntegrationTimeout.swift"; sourceTree = "<group>"; };
		A5FA66ED2888F22F000E21A8 /* MTestBase.framework */ = {isa = PBXFileReference; explicitFileType = wrapper.framework; path = MTestBase.framework; sourceTree = BUILT_PRODUCTS_DIR; };
		A5FA66EF2888F261000E21A8 /* MTestBase.framework */ = {isa = PBXFileReference; explicitFileType = wrapper.framework; path = MTestBase.framework; sourceTree = BUILT_PRODUCTS_DIR; };
		CFE98DBF278B24E400302301 /* MNetwork.framework */ = {isa = PBXFileReference; explicitFileType = wrapper.framework; includeInIndex = 0; path = MNetwork.framework; sourceTree = BUILT_PRODUCTS_DIR; };
		CFE98DC2278B24E400302301 /* MNetwork.h */ = {isa = PBXFileReference; lastKnownFileType = sourcecode.c.h; path = MNetwork.h; sourceTree = "<group>"; };
		CFE98DC3278B24E400302301 /* Info.plist */ = {isa = PBXFileReference; lastKnownFileType = text.plist.xml; path = Info.plist; sourceTree = "<group>"; };
		CFE98DC8278B24E400302301 /* MNetworkTests.xctest */ = {isa = PBXFileReference; explicitFileType = wrapper.cfbundle; includeInIndex = 0; path = MNetworkTests.xctest; sourceTree = BUILT_PRODUCTS_DIR; };
		CFE98DCD278B24E400302301 /* MNetworkTests.swift */ = {isa = PBXFileReference; lastKnownFileType = sourcecode.swift; path = MNetworkTests.swift; sourceTree = "<group>"; };
		CFE98DCF278B24E400302301 /* Info.plist */ = {isa = PBXFileReference; lastKnownFileType = text.plist.xml; path = Info.plist; sourceTree = "<group>"; };
		CFE98DE0278B251E00302301 /* Endpoint+URLRequest.swift */ = {isa = PBXFileReference; fileEncoding = 4; lastKnownFileType = sourcecode.swift; path = "Endpoint+URLRequest.swift"; sourceTree = "<group>"; };
		CFE98DE1278B251E00302301 /* SessionManager+Configuration.swift */ = {isa = PBXFileReference; fileEncoding = 4; lastKnownFileType = sourcecode.swift; path = "SessionManager+Configuration.swift"; sourceTree = "<group>"; };
		CFE98DE2278B251E00302301 /* SessionManager+SessionManageable.swift */ = {isa = PBXFileReference; fileEncoding = 4; lastKnownFileType = sourcecode.swift; path = "SessionManager+SessionManageable.swift"; sourceTree = "<group>"; };
		CFE98DE8278B251F00302301 /* CertificateProvider.swift */ = {isa = PBXFileReference; fileEncoding = 4; lastKnownFileType = sourcecode.swift; path = CertificateProvider.swift; sourceTree = "<group>"; };
		CFE98DE9278B251F00302301 /* URLSchemeResolver.swift */ = {isa = PBXFileReference; fileEncoding = 4; lastKnownFileType = sourcecode.swift; path = URLSchemeResolver.swift; sourceTree = "<group>"; };
		CFE98DEA278B251F00302301 /* ValidationType.swift */ = {isa = PBXFileReference; fileEncoding = 4; lastKnownFileType = sourcecode.swift; path = ValidationType.swift; sourceTree = "<group>"; };
		CFE98DEB278B251F00302301 /* DomainConfigurator.swift */ = {isa = PBXFileReference; fileEncoding = 4; lastKnownFileType = sourcecode.swift; path = DomainConfigurator.swift; sourceTree = "<group>"; };
		CFE98DEC278B251F00302301 /* SessionManageable.swift */ = {isa = PBXFileReference; fileEncoding = 4; lastKnownFileType = sourcecode.swift; path = SessionManageable.swift; sourceTree = "<group>"; };
		CFE98DED278B251F00302301 /* ApiClient.swift */ = {isa = PBXFileReference; fileEncoding = 4; lastKnownFileType = sourcecode.swift; path = ApiClient.swift; sourceTree = "<group>"; };
		CFE98DEE278B251F00302301 /* DecodableResponseType.swift */ = {isa = PBXFileReference; fileEncoding = 4; lastKnownFileType = sourcecode.swift; path = DecodableResponseType.swift; sourceTree = "<group>"; };
		CFE98DEF278B251F00302301 /* NetworkDispatchQueue.swift */ = {isa = PBXFileReference; fileEncoding = 4; lastKnownFileType = sourcecode.swift; path = NetworkDispatchQueue.swift; sourceTree = "<group>"; };
		CFE98DF0278B251F00302301 /* ApiUrlProviderType.swift */ = {isa = PBXFileReference; fileEncoding = 4; lastKnownFileType = sourcecode.swift; path = ApiUrlProviderType.swift; sourceTree = "<group>"; };
		CFE98DF1278B251F00302301 /* TypeAlias.swift */ = {isa = PBXFileReference; fileEncoding = 4; lastKnownFileType = sourcecode.swift; path = TypeAlias.swift; sourceTree = "<group>"; };
		CFE98DF2278B251F00302301 /* APIServer.swift */ = {isa = PBXFileReference; fileEncoding = 4; lastKnownFileType = sourcecode.swift; path = APIServer.swift; sourceTree = "<group>"; };
		CFE98DF3278B251F00302301 /* HttpRequestInterceptorType.swift */ = {isa = PBXFileReference; fileEncoding = 4; lastKnownFileType = sourcecode.swift; path = HttpRequestInterceptorType.swift; sourceTree = "<group>"; };
		CFE98DF4278B251F00302301 /* HttpStatus.swift */ = {isa = PBXFileReference; fileEncoding = 4; lastKnownFileType = sourcecode.swift; path = HttpStatus.swift; sourceTree = "<group>"; };
		CFE98DF5278B251F00302301 /* RequestType.swift */ = {isa = PBXFileReference; fileEncoding = 4; lastKnownFileType = sourcecode.swift; path = RequestType.swift; sourceTree = "<group>"; };
		CFE98DF6278B251F00302301 /* HttpHeaderKeyType.swift */ = {isa = PBXFileReference; fileEncoding = 4; lastKnownFileType = sourcecode.swift; path = HttpHeaderKeyType.swift; sourceTree = "<group>"; };
		CFE98DF7278B251F00302301 /* Endpoint.swift */ = {isa = PBXFileReference; fileEncoding = 4; lastKnownFileType = sourcecode.swift; path = Endpoint.swift; sourceTree = "<group>"; };
		CFE98E18278B257300302301 /* MError.framework */ = {isa = PBXFileReference; explicitFileType = wrapper.framework; path = MError.framework; sourceTree = BUILT_PRODUCTS_DIR; };
		CFE98E1E278B257900302301 /* MModels.framework */ = {isa = PBXFileReference; explicitFileType = wrapper.framework; path = MModels.framework; sourceTree = BUILT_PRODUCTS_DIR; };
		CFE98E21278B257D00302301 /* MUtility.framework */ = {isa = PBXFileReference; explicitFileType = wrapper.framework; path = MUtility.framework; sourceTree = BUILT_PRODUCTS_DIR; };
		CFE98E26278B25E200302301 /* MResources.framework */ = {isa = PBXFileReference; explicitFileType = wrapper.framework; path = MResources.framework; sourceTree = BUILT_PRODUCTS_DIR; };
		CFE98E98278C726700302301 /* ExampleApiClients.swift */ = {isa = PBXFileReference; lastKnownFileType = sourcecode.swift; path = ExampleApiClients.swift; sourceTree = "<group>"; };
		CFE98E9C278C744400302301 /* ExampleEndpoint.swift */ = {isa = PBXFileReference; lastKnownFileType = sourcecode.swift; path = ExampleEndpoint.swift; sourceTree = "<group>"; };
/* End PBXFileReference section */

/* Begin PBXFrameworksBuildPhase section */
		CFE98DBC278B24E400302301 /* Frameworks */ = {
			isa = PBXFrameworksBuildPhase;
			buildActionMask = 2147483647;
			files = (
				CFE98E1F278B257900302301 /* MModels.framework in Frameworks */,
				CFE98E14278B256900302301 /* Alamofire in Frameworks */,
				CFE98E19278B257300302301 /* MError.framework in Frameworks */,
				CFE98E27278B25E200302301 /* MResources.framework in Frameworks */,
				CFE98E22278B257D00302301 /* MUtility.framework in Frameworks */,
			);
			runOnlyForDeploymentPostprocessing = 0;
		};
		CFE98DC5278B24E400302301 /* Frameworks */ = {
			isa = PBXFrameworksBuildPhase;
			buildActionMask = 2147483647;
			files = (
				CFE98DC9278B24E400302301 /* MNetwork.framework in Frameworks */,
				A5FA66F02888F261000E21A8 /* MTestBase.framework in Frameworks */,
			);
			runOnlyForDeploymentPostprocessing = 0;
		};
/* End PBXFrameworksBuildPhase section */

/* Begin PBXGroup section */
		CFE98DB5278B24E400302301 = {
			isa = PBXGroup;
			children = (
				CFE98DC1278B24E400302301 /* MNetwork */,
				CFE98DCC278B24E400302301 /* MNetworkTests */,
				CFE98DC0278B24E400302301 /* Products */,
				CFE98E17278B257300302301 /* Frameworks */,
			);
			sourceTree = "<group>";
		};
		CFE98DC0278B24E400302301 /* Products */ = {
			isa = PBXGroup;
			children = (
				CFE98DBF278B24E400302301 /* MNetwork.framework */,
				CFE98DC8278B24E400302301 /* MNetworkTests.xctest */,
			);
			name = Products;
			sourceTree = "<group>";
		};
		CFE98DC1278B24E400302301 /* MNetwork */ = {
			isa = PBXGroup;
			children = (
				CFE98DE5278B251F00302301 /* ApiClients */,
				CFE98DE7278B251F00302301 /* Base */,
				CFE98DE3278B251E00302301 /* Endpoint */,
				CFE98DDD278B251E00302301 /* Error */,
				CFE98DDF278B251E00302301 /* Extensions */,
				CFE98DC2278B24E400302301 /* MNetwork.h */,
				CFE98DC3278B24E400302301 /* Info.plist */,
			);
			path = MNetwork;
			sourceTree = "<group>";
		};
		CFE98DCC278B24E400302301 /* MNetworkTests */ = {
			isa = PBXGroup;
			children = (
				CFE98DCD278B24E400302301 /* MNetworkTests.swift */,
				CFE98DCF278B24E400302301 /* Info.plist */,
				A5FA66E52888EAEF000E21A8 /* URLSchemeResolverSpec.swift */,
				A5FA66E72888ED2C000E21A8 /* WindyApiClientIntegrationSpec.swift */,
				A5FA66E92888EE0F000E21A8 /* ApiClient+Test.swift */,
				A5FA66EB2888F0FF000E21A8 /* DispatchTimeInterval+IntegrationTimeout.swift */,
			);
			path = MNetworkTests;
			sourceTree = "<group>";
		};
		CFE98DDD278B251E00302301 /* Error */ = {
			isa = PBXGroup;
			children = (
			);
			path = Error;
			sourceTree = "<group>";
		};
		CFE98DDF278B251E00302301 /* Extensions */ = {
			isa = PBXGroup;
			children = (
				CFE98DE0278B251E00302301 /* Endpoint+URLRequest.swift */,
				CFE98DE1278B251E00302301 /* SessionManager+Configuration.swift */,
				CFE98DE2278B251E00302301 /* SessionManager+SessionManageable.swift */,
			);
			path = Extensions;
			sourceTree = "<group>";
		};
		CFE98DE3278B251E00302301 /* Endpoint */ = {
			isa = PBXGroup;
			children = (
				CFE98E9C278C744400302301 /* ExampleEndpoint.swift */,
				A50E29D9287EA891000CEA12 /* WindyEndpoint.swift */,
			);
			path = Endpoint;
			sourceTree = "<group>";
		};
		CFE98DE5278B251F00302301 /* ApiClients */ = {
			isa = PBXGroup;
			children = (
				CFE98E98278C726700302301 /* ExampleApiClients.swift */,
				A50E29E0287EBC95000CEA12 /* WindyApiClient.swift */,
			);
			path = ApiClients;
			sourceTree = "<group>";
		};
		CFE98DE7278B251F00302301 /* Base */ = {
			isa = PBXGroup;
			children = (
				CFE98DE8278B251F00302301 /* CertificateProvider.swift */,
				CFE98DE9278B251F00302301 /* URLSchemeResolver.swift */,
				CFE98DEA278B251F00302301 /* ValidationType.swift */,
				CFE98DEB278B251F00302301 /* DomainConfigurator.swift */,
				CFE98DEC278B251F00302301 /* SessionManageable.swift */,
				CFE98DED278B251F00302301 /* ApiClient.swift */,
				CFE98DEE278B251F00302301 /* DecodableResponseType.swift */,
				CFE98DEF278B251F00302301 /* NetworkDispatchQueue.swift */,
				CFE98DF0278B251F00302301 /* ApiUrlProviderType.swift */,
				CFE98DF1278B251F00302301 /* TypeAlias.swift */,
				CFE98DF2278B251F00302301 /* APIServer.swift */,
				CFE98DF3278B251F00302301 /* HttpRequestInterceptorType.swift */,
				CFE98DF4278B251F00302301 /* HttpStatus.swift */,
				CFE98DF5278B251F00302301 /* RequestType.swift */,
				CFE98DF6278B251F00302301 /* HttpHeaderKeyType.swift */,
				CFE98DF7278B251F00302301 /* Endpoint.swift */,
			);
			path = Base;
			sourceTree = "<group>";
		};
		CFE98E17278B257300302301 /* Frameworks */ = {
			isa = PBXGroup;
			children = (
				A5FA66EF2888F261000E21A8 /* MTestBase.framework */,
				A5FA66ED2888F22F000E21A8 /* MTestBase.framework */,
				CFE98E26278B25E200302301 /* MResources.framework */,
				CFE98E21278B257D00302301 /* MUtility.framework */,
				CFE98E1E278B257900302301 /* MModels.framework */,
				CFE98E18278B257300302301 /* MError.framework */,
			);
			name = Frameworks;
			sourceTree = "<group>";
		};
/* End PBXGroup section */

/* Begin PBXHeadersBuildPhase section */
		CFE98DBA278B24E400302301 /* Headers */ = {
			isa = PBXHeadersBuildPhase;
			buildActionMask = 2147483647;
			files = (
				CFE98DD0278B24E400302301 /* MNetwork.h in Headers */,
			);
			runOnlyForDeploymentPostprocessing = 0;
		};
/* End PBXHeadersBuildPhase section */

/* Begin PBXNativeTarget section */
		CFE98DBE278B24E400302301 /* MNetwork */ = {
			isa = PBXNativeTarget;
			buildConfigurationList = CFE98DD3278B24E400302301 /* Build configuration list for PBXNativeTarget "MNetwork" */;
			buildPhases = (
				CFE98DBA278B24E400302301 /* Headers */,
				CFE98DBB278B24E400302301 /* Sources */,
				CFE98DBC278B24E400302301 /* Frameworks */,
				CFE98DBD278B24E400302301 /* Resources */,
			);
			buildRules = (
			);
			dependencies = (
			);
			name = MNetwork;
			packageProductDependencies = (
				CFE98E13278B256900302301 /* Alamofire */,
			);
			productName = MNetwork;
			productReference = CFE98DBF278B24E400302301 /* MNetwork.framework */;
			productType = "com.apple.product-type.framework";
		};
		CFE98DC7278B24E400302301 /* MNetworkTests */ = {
			isa = PBXNativeTarget;
			buildConfigurationList = CFE98DD6278B24E400302301 /* Build configuration list for PBXNativeTarget "MNetworkTests" */;
			buildPhases = (
				CFE98DC4278B24E400302301 /* Sources */,
				CFE98DC5278B24E400302301 /* Frameworks */,
				CFE98DC6278B24E400302301 /* Resources */,
			);
			buildRules = (
			);
			dependencies = (
				CFE98DCB278B24E400302301 /* PBXTargetDependency */,
			);
			name = MNetworkTests;
			productName = MNetworkTests;
			productReference = CFE98DC8278B24E400302301 /* MNetworkTests.xctest */;
			productType = "com.apple.product-type.bundle.unit-test";
		};
/* End PBXNativeTarget section */

/* Begin PBXProject section */
		CFE98DB6278B24E400302301 /* Project object */ = {
			isa = PBXProject;
			attributes = {
				LastSwiftUpdateCheck = 1210;
				LastUpgradeCheck = 1210;
				TargetAttributes = {
					CFE98DBE278B24E400302301 = {
						CreatedOnToolsVersion = 12.1;
					};
					CFE98DC7278B24E400302301 = {
						CreatedOnToolsVersion = 12.1;
					};
				};
			};
			buildConfigurationList = CFE98DB9278B24E400302301 /* Build configuration list for PBXProject "MNetwork" */;
			compatibilityVersion = "Xcode 9.3";
			developmentRegion = en;
			hasScannedForEncodings = 0;
			knownRegions = (
				en,
				Base,
			);
			mainGroup = CFE98DB5278B24E400302301;
			packageReferences = (
				CFE98E12278B256900302301 /* XCRemoteSwiftPackageReference "Alamofire" */,
			);
			productRefGroup = CFE98DC0278B24E400302301 /* Products */;
			projectDirPath = "";
			projectRoot = "";
			targets = (
				CFE98DBE278B24E400302301 /* MNetwork */,
				CFE98DC7278B24E400302301 /* MNetworkTests */,
			);
		};
/* End PBXProject section */

/* Begin PBXResourcesBuildPhase section */
		CFE98DBD278B24E400302301 /* Resources */ = {
			isa = PBXResourcesBuildPhase;
			buildActionMask = 2147483647;
			files = (
			);
			runOnlyForDeploymentPostprocessing = 0;
		};
		CFE98DC6278B24E400302301 /* Resources */ = {
			isa = PBXResourcesBuildPhase;
			buildActionMask = 2147483647;
			files = (
			);
			runOnlyForDeploymentPostprocessing = 0;
		};
/* End PBXResourcesBuildPhase section */

/* Begin PBXSourcesBuildPhase section */
		CFE98DBB278B24E400302301 /* Sources */ = {
			isa = PBXSourcesBuildPhase;
			buildActionMask = 2147483647;
			files = (
				CFE98E05278B251F00302301 /* NetworkDispatchQueue.swift in Sources */,
				CFE98E01278B251F00302301 /* DomainConfigurator.swift in Sources */,
				CFE98DFB278B251F00302301 /* SessionManager+SessionManageable.swift in Sources */,
				CFE98E0C278B251F00302301 /* HttpHeaderKeyType.swift in Sources */,
				CFE98E06278B251F00302301 /* ApiUrlProviderType.swift in Sources */,
				CFE98E08278B251F00302301 /* APIServer.swift in Sources */,
				A50E29DA287EA891000CEA12 /* WindyEndpoint.swift in Sources */,
				CFE98DFE278B251F00302301 /* CertificateProvider.swift in Sources */,
				CFE98E07278B251F00302301 /* TypeAlias.swift in Sources */,
				CFE98E09278B251F00302301 /* HttpRequestInterceptorType.swift in Sources */,
				CFE98E9D278C744400302301 /* ExampleEndpoint.swift in Sources */,
				CFE98E0A278B251F00302301 /* HttpStatus.swift in Sources */,
				CFE98E02278B251F00302301 /* SessionManageable.swift in Sources */,
				CFE98DFA278B251F00302301 /* SessionManager+Configuration.swift in Sources */,
				CFE98E04278B251F00302301 /* DecodableResponseType.swift in Sources */,
				CFE98E00278B251F00302301 /* ValidationType.swift in Sources */,
				CFE98E99278C726700302301 /* ExampleApiClients.swift in Sources */,
				CFE98DFF278B251F00302301 /* URLSchemeResolver.swift in Sources */,
				CFE98DF9278B251F00302301 /* Endpoint+URLRequest.swift in Sources */,
				A50E29E1287EBC95000CEA12 /* WindyApiClient.swift in Sources */,
				CFE98E03278B251F00302301 /* ApiClient.swift in Sources */,
				CFE98E0D278B251F00302301 /* Endpoint.swift in Sources */,
				CFE98E0B278B251F00302301 /* RequestType.swift in Sources */,
			);
			runOnlyForDeploymentPostprocessing = 0;
		};
		CFE98DC4278B24E400302301 /* Sources */ = {
			isa = PBXSourcesBuildPhase;
			buildActionMask = 2147483647;
			files = (
				A5FA66E82888ED2C000E21A8 /* WindyApiClientIntegrationSpec.swift in Sources */,
				CFE98DCE278B24E400302301 /* MNetworkTests.swift in Sources */,
				A5FA66EC2888F0FF000E21A8 /* DispatchTimeInterval+IntegrationTimeout.swift in Sources */,
				A5FA66E62888EAEF000E21A8 /* URLSchemeResolverSpec.swift in Sources */,
				A5FA66EA2888EE0F000E21A8 /* ApiClient+Test.swift in Sources */,
			);
			runOnlyForDeploymentPostprocessing = 0;
		};
/* End PBXSourcesBuildPhase section */

/* Begin PBXTargetDependency section */
		CFE98DCB278B24E400302301 /* PBXTargetDependency */ = {
			isa = PBXTargetDependency;
			target = CFE98DBE278B24E400302301 /* MNetwork */;
			targetProxy = CFE98DCA278B24E400302301 /* PBXContainerItemProxy */;
		};
/* End PBXTargetDependency section */

/* Begin XCBuildConfiguration section */
		CFE98DD1278B24E400302301 /* Debug */ = {
			isa = XCBuildConfiguration;
			buildSettings = {
				ALWAYS_SEARCH_USER_PATHS = NO;
				CLANG_ANALYZER_NONNULL = YES;
				CLANG_ANALYZER_NUMBER_OBJECT_CONVERSION = YES_AGGRESSIVE;
				CLANG_CXX_LANGUAGE_STANDARD = "gnu++14";
				CLANG_CXX_LIBRARY = "libc++";
				CLANG_ENABLE_MODULES = YES;
				CLANG_ENABLE_OBJC_ARC = YES;
				CLANG_ENABLE_OBJC_WEAK = YES;
				CLANG_WARN_BLOCK_CAPTURE_AUTORELEASING = YES;
				CLANG_WARN_BOOL_CONVERSION = YES;
				CLANG_WARN_COMMA = YES;
				CLANG_WARN_CONSTANT_CONVERSION = YES;
				CLANG_WARN_DEPRECATED_OBJC_IMPLEMENTATIONS = YES;
				CLANG_WARN_DIRECT_OBJC_ISA_USAGE = YES_ERROR;
				CLANG_WARN_DOCUMENTATION_COMMENTS = YES;
				CLANG_WARN_EMPTY_BODY = YES;
				CLANG_WARN_ENUM_CONVERSION = YES;
				CLANG_WARN_INFINITE_RECURSION = YES;
				CLANG_WARN_INT_CONVERSION = YES;
				CLANG_WARN_NON_LITERAL_NULL_CONVERSION = YES;
				CLANG_WARN_OBJC_IMPLICIT_RETAIN_SELF = YES;
				CLANG_WARN_OBJC_LITERAL_CONVERSION = YES;
				CLANG_WARN_OBJC_ROOT_CLASS = YES_ERROR;
				CLANG_WARN_QUOTED_INCLUDE_IN_FRAMEWORK_HEADER = YES;
				CLANG_WARN_RANGE_LOOP_ANALYSIS = YES;
				CLANG_WARN_STRICT_PROTOTYPES = YES;
				CLANG_WARN_SUSPICIOUS_MOVE = YES;
				CLANG_WARN_UNGUARDED_AVAILABILITY = YES_AGGRESSIVE;
				CLANG_WARN_UNREACHABLE_CODE = YES;
				CLANG_WARN__DUPLICATE_METHOD_MATCH = YES;
				COPY_PHASE_STRIP = NO;
				CURRENT_PROJECT_VERSION = 1;
				DEBUG_INFORMATION_FORMAT = dwarf;
				ENABLE_STRICT_OBJC_MSGSEND = YES;
				ENABLE_TESTABILITY = YES;
				GCC_C_LANGUAGE_STANDARD = gnu11;
				GCC_DYNAMIC_NO_PIC = NO;
				GCC_NO_COMMON_BLOCKS = YES;
				GCC_OPTIMIZATION_LEVEL = 0;
				GCC_PREPROCESSOR_DEFINITIONS = (
					"DEBUG=1",
					"$(inherited)",
				);
				GCC_WARN_64_TO_32_BIT_CONVERSION = YES;
				GCC_WARN_ABOUT_RETURN_TYPE = YES_ERROR;
				GCC_WARN_UNDECLARED_SELECTOR = YES;
				GCC_WARN_UNINITIALIZED_AUTOS = YES_AGGRESSIVE;
				GCC_WARN_UNUSED_FUNCTION = YES;
				GCC_WARN_UNUSED_VARIABLE = YES;
				IPHONEOS_DEPLOYMENT_TARGET = 13.0;
				MTL_ENABLE_DEBUG_INFO = INCLUDE_SOURCE;
				MTL_FAST_MATH = YES;
				ONLY_ACTIVE_ARCH = YES;
				SDKROOT = iphoneos;
				SWIFT_ACTIVE_COMPILATION_CONDITIONS = DEBUG;
				SWIFT_OPTIMIZATION_LEVEL = "-Onone";
				VERSIONING_SYSTEM = "apple-generic";
				VERSION_INFO_PREFIX = "";
			};
			name = Debug;
		};
		CFE98DD2278B24E400302301 /* Release */ = {
			isa = XCBuildConfiguration;
			buildSettings = {
				ALWAYS_SEARCH_USER_PATHS = NO;
				CLANG_ANALYZER_NONNULL = YES;
				CLANG_ANALYZER_NUMBER_OBJECT_CONVERSION = YES_AGGRESSIVE;
				CLANG_CXX_LANGUAGE_STANDARD = "gnu++14";
				CLANG_CXX_LIBRARY = "libc++";
				CLANG_ENABLE_MODULES = YES;
				CLANG_ENABLE_OBJC_ARC = YES;
				CLANG_ENABLE_OBJC_WEAK = YES;
				CLANG_WARN_BLOCK_CAPTURE_AUTORELEASING = YES;
				CLANG_WARN_BOOL_CONVERSION = YES;
				CLANG_WARN_COMMA = YES;
				CLANG_WARN_CONSTANT_CONVERSION = YES;
				CLANG_WARN_DEPRECATED_OBJC_IMPLEMENTATIONS = YES;
				CLANG_WARN_DIRECT_OBJC_ISA_USAGE = YES_ERROR;
				CLANG_WARN_DOCUMENTATION_COMMENTS = YES;
				CLANG_WARN_EMPTY_BODY = YES;
				CLANG_WARN_ENUM_CONVERSION = YES;
				CLANG_WARN_INFINITE_RECURSION = YES;
				CLANG_WARN_INT_CONVERSION = YES;
				CLANG_WARN_NON_LITERAL_NULL_CONVERSION = YES;
				CLANG_WARN_OBJC_IMPLICIT_RETAIN_SELF = YES;
				CLANG_WARN_OBJC_LITERAL_CONVERSION = YES;
				CLANG_WARN_OBJC_ROOT_CLASS = YES_ERROR;
				CLANG_WARN_QUOTED_INCLUDE_IN_FRAMEWORK_HEADER = YES;
				CLANG_WARN_RANGE_LOOP_ANALYSIS = YES;
				CLANG_WARN_STRICT_PROTOTYPES = YES;
				CLANG_WARN_SUSPICIOUS_MOVE = YES;
				CLANG_WARN_UNGUARDED_AVAILABILITY = YES_AGGRESSIVE;
				CLANG_WARN_UNREACHABLE_CODE = YES;
				CLANG_WARN__DUPLICATE_METHOD_MATCH = YES;
				COPY_PHASE_STRIP = NO;
				CURRENT_PROJECT_VERSION = 1;
				DEBUG_INFORMATION_FORMAT = "dwarf-with-dsym";
				ENABLE_NS_ASSERTIONS = NO;
				ENABLE_STRICT_OBJC_MSGSEND = YES;
				GCC_C_LANGUAGE_STANDARD = gnu11;
				GCC_NO_COMMON_BLOCKS = YES;
				GCC_WARN_64_TO_32_BIT_CONVERSION = YES;
				GCC_WARN_ABOUT_RETURN_TYPE = YES_ERROR;
				GCC_WARN_UNDECLARED_SELECTOR = YES;
				GCC_WARN_UNINITIALIZED_AUTOS = YES_AGGRESSIVE;
				GCC_WARN_UNUSED_FUNCTION = YES;
				GCC_WARN_UNUSED_VARIABLE = YES;
				IPHONEOS_DEPLOYMENT_TARGET = 13.0;
				MTL_ENABLE_DEBUG_INFO = NO;
				MTL_FAST_MATH = YES;
				SDKROOT = iphoneos;
				SWIFT_COMPILATION_MODE = wholemodule;
				SWIFT_OPTIMIZATION_LEVEL = "-O";
				VALIDATE_PRODUCT = YES;
				VERSIONING_SYSTEM = "apple-generic";
				VERSION_INFO_PREFIX = "";
			};
			name = Release;
		};
		CFE98DD4278B24E400302301 /* Debug */ = {
			isa = XCBuildConfiguration;
			buildSettings = {
				CODE_SIGN_STYLE = Manual;
				DEFINES_MODULE = YES;
				DEVELOPMENT_TEAM = "";
				DYLIB_COMPATIBILITY_VERSION = 1;
				DYLIB_CURRENT_VERSION = 1;
				DYLIB_INSTALL_NAME_BASE = "@rpath";
				INFOPLIST_FILE = MNetwork/Info.plist;
				INSTALL_PATH = "$(LOCAL_LIBRARY_DIR)/Frameworks";
				LD_RUNPATH_SEARCH_PATHS = (
					"$(inherited)",
					"@executable_path/Frameworks",
					"@loader_path/Frameworks",
				);
				PRODUCT_BUNDLE_IDENTIFIER = supremetech.MNetwork;
				PRODUCT_NAME = "$(TARGET_NAME:c99extidentifier)";
				PROVISIONING_PROFILE_SPECIFIER = "";
				SKIP_INSTALL = YES;
				SUPPORTS_MACCATALYST = NO;
				SWIFT_VERSION = 5.0;
				TARGETED_DEVICE_FAMILY = "1,2";
			};
			name = Debug;
		};
		CFE98DD5278B24E400302301 /* Release */ = {
			isa = XCBuildConfiguration;
			buildSettings = {
				CODE_SIGN_STYLE = Manual;
				DEFINES_MODULE = YES;
				DEVELOPMENT_TEAM = "";
				DYLIB_COMPATIBILITY_VERSION = 1;
				DYLIB_CURRENT_VERSION = 1;
				DYLIB_INSTALL_NAME_BASE = "@rpath";
				INFOPLIST_FILE = MNetwork/Info.plist;
				INSTALL_PATH = "$(LOCAL_LIBRARY_DIR)/Frameworks";
				LD_RUNPATH_SEARCH_PATHS = (
					"$(inherited)",
					"@executable_path/Frameworks",
					"@loader_path/Frameworks",
				);
				PRODUCT_BUNDLE_IDENTIFIER = supremetech.MNetwork;
				PRODUCT_NAME = "$(TARGET_NAME:c99extidentifier)";
				PROVISIONING_PROFILE_SPECIFIER = "";
				SKIP_INSTALL = YES;
				SUPPORTS_MACCATALYST = NO;
				SWIFT_VERSION = 5.0;
				TARGETED_DEVICE_FAMILY = "1,2";
			};
			name = Release;
		};
		CFE98DD7278B24E400302301 /* Debug */ = {
			isa = XCBuildConfiguration;
			buildSettings = {
				ALWAYS_EMBED_SWIFT_STANDARD_LIBRARIES = YES;
				CODE_SIGN_STYLE = Automatic;
				DEVELOPMENT_TEAM = USH6AFRS9N;
				INFOPLIST_FILE = MNetworkTests/Info.plist;
				LD_RUNPATH_SEARCH_PATHS = (
					"$(inherited)",
					"@executable_path/Frameworks",
					"@loader_path/Frameworks",
				);
				PRODUCT_BUNDLE_IDENTIFIER = supremetech.MNetworkTests;
				PRODUCT_NAME = "$(TARGET_NAME)";
				SWIFT_VERSION = 5.0;
				TARGETED_DEVICE_FAMILY = "1,2";
			};
			name = Debug;
		};
		CFE98DD8278B24E400302301 /* Release */ = {
			isa = XCBuildConfiguration;
			buildSettings = {
				ALWAYS_EMBED_SWIFT_STANDARD_LIBRARIES = YES;
				CODE_SIGN_STYLE = Automatic;
				DEVELOPMENT_TEAM = USH6AFRS9N;
				INFOPLIST_FILE = MNetworkTests/Info.plist;
				LD_RUNPATH_SEARCH_PATHS = (
					"$(inherited)",
					"@executable_path/Frameworks",
					"@loader_path/Frameworks",
				);
				PRODUCT_BUNDLE_IDENTIFIER = supremetech.MNetworkTests;
				PRODUCT_NAME = "$(TARGET_NAME)";
				SWIFT_VERSION = 5.0;
				TARGETED_DEVICE_FAMILY = "1,2";
			};
			name = Release;
		};
/* End XCBuildConfiguration section */

/* Begin XCConfigurationList section */
		CFE98DB9278B24E400302301 /* Build configuration list for PBXProject "MNetwork" */ = {
			isa = XCConfigurationList;
			buildConfigurations = (
				CFE98DD1278B24E400302301 /* Debug */,
				CFE98DD2278B24E400302301 /* Release */,
			);
			defaultConfigurationIsVisible = 0;
			defaultConfigurationName = Release;
		};
		CFE98DD3278B24E400302301 /* Build configuration list for PBXNativeTarget "MNetwork" */ = {
			isa = XCConfigurationList;
			buildConfigurations = (
				CFE98DD4278B24E400302301 /* Debug */,
				CFE98DD5278B24E400302301 /* Release */,
			);
			defaultConfigurationIsVisible = 0;
			defaultConfigurationName = Release;
		};
		CFE98DD6278B24E400302301 /* Build configuration list for PBXNativeTarget "MNetworkTests" */ = {
			isa = XCConfigurationList;
			buildConfigurations = (
				CFE98DD7278B24E400302301 /* Debug */,
				CFE98DD8278B24E400302301 /* Release */,
			);
			defaultConfigurationIsVisible = 0;
			defaultConfigurationName = Release;
		};
/* End XCConfigurationList section */

/* Begin XCRemoteSwiftPackageReference section */
		CFE98E12278B256900302301 /* XCRemoteSwiftPackageReference "Alamofire" */ = {
			isa = XCRemoteSwiftPackageReference;
			repositoryURL = "https://github.com/Alamofire/Alamofire";
			requirement = {
				kind = upToNextMajorVersion;
				minimumVersion = 4.9.1;
			};
		};
/* End XCRemoteSwiftPackageReference section */

/* Begin XCSwiftPackageProductDependency section */
		CFE98E13278B256900302301 /* Alamofire */ = {
			isa = XCSwiftPackageProductDependency;
			package = CFE98E12278B256900302301 /* XCRemoteSwiftPackageReference "Alamofire" */;
			productName = Alamofire;
		};
/* End XCSwiftPackageProductDependency section */
	};
	rootObject = CFE98DB6278B24E400302301 /* Project object */;
}
