// !$*UTF8*$!
{
	archiveVersion = 1;
	classes = {
	};
	objectVersion = 55;
	objects = {

/* Begin PBXBuildFile section */
		30EB017928A12F4700607281 /* WeatherDTO+Fixture.swift in Sources */ = {isa = PBXBuildFile; fileRef = 30EB017828A12F4700607281 /* WeatherDTO+Fixture.swift */; };
		A59A5B8C2888F546004D9F79 /* MService.framework in Frameworks */ = {isa = PBXBuildFile; fileRef = A59A5B8B2888F546004D9F79 /* MService.framework */; };
		A59E53E0286EA1A600A27DCC /* MTestBase.docc in Sources */ = {isa = PBXBuildFile; fileRef = A59E53DF286EA1A600A27DCC /* MTestBase.docc */; };
		A59E53E6286EA1A600A27DCC /* MTestBase.framework in Frameworks */ = {isa = PBXBuildFile; fileRef = A59E53DB286EA1A600A27DCC /* MTestBase.framework */; };
		A59E53EB286EA1A600A27DCC /* MTestBaseTests.swift in Sources */ = {isa = PBXBuildFile; fileRef = A59E53EA286EA1A600A27DCC /* MTestBaseTests.swift */; };
		A59E53EC286EA1A600A27DCC /* MTestBase.h in Headers */ = {isa = PBXBuildFile; fileRef = A59E53DE286EA1A600A27DCC /* MTestBase.h */; settings = {ATTRIBUTES = (Public, ); }; };
		A59E53F7286EA1D300A27DCC /* Nimble in Frameworks */ = {isa = PBXBuildFile; productRef = A59E53F6286EA1D300A27DCC /* Nimble */; };
		A59E53FA286EA1E900A27DCC /* Quick in Frameworks */ = {isa = PBXBuildFile; productRef = A59E53F9286EA1E900A27DCC /* Quick */; };
		A59E545C286EAEBD00A27DCC /* XCTest.framework in Frameworks */ = {isa = PBXBuildFile; fileRef = A59E545B286EAEBD00A27DCC /* XCTest.framework */; };
		A59E545D286EAEBD00A27DCC /* XCTest.framework in Embed Frameworks */ = {isa = PBXBuildFile; fileRef = A59E545B286EAEBD00A27DCC /* XCTest.framework */; settings = {ATTRIBUTES = (CodeSignOnCopy, RemoveHeadersOnCopy, ); }; };
		A59E5460286EAF9600A27DCC /* ExampleDTO+Fixture.swift in Sources */ = {isa = PBXBuildFile; fileRef = A59E545F286EAF9600A27DCC /* ExampleDTO+Fixture.swift */; };
		A59E5462286EAFAE00A27DCC /* MModels.framework in Frameworks */ = {isa = PBXBuildFile; fileRef = A59E5461286EAFAE00A27DCC /* MModels.framework */; };
		A5FA66D92888E62A000E21A8 /* MockServiceProvider.swift in Sources */ = {isa = PBXBuildFile; fileRef = A5FA66D82888E62A000E21A8 /* MockServiceProvider.swift */; };
		A5FA66E22888E92F000E21A8 /* MockWeatherService.swift in Sources */ = {isa = PBXBuildFile; fileRef = A5FA66E12888E92F000E21A8 /* MockWeatherService.swift */; };
		A5FA66E42888EA26000E21A8 /* DummyError.swift in Sources */ = {isa = PBXBuildFile; fileRef = A5FA66E32888EA26000E21A8 /* DummyError.swift */; };
		E4B4702228A3524400370AFD /* MockLocationService.swift in Sources */ = {isa = PBXBuildFile; fileRef = E4B4702128A3524400370AFD /* MockLocationService.swift */; };
/* End PBXBuildFile section */

/* Begin PBXContainerItemProxy section */
		A59E53E7286EA1A600A27DCC /* PBXContainerItemProxy */ = {
			isa = PBXContainerItemProxy;
			containerPortal = A59E53D2286EA1A600A27DCC /* Project object */;
			proxyType = 1;
			remoteGlobalIDString = A59E53DA286EA1A600A27DCC;
			remoteInfo = MTestBase;
		};
/* End PBXContainerItemProxy section */

/* Begin PBXCopyFilesBuildPhase section */
		A59E545E286EAEBD00A27DCC /* Embed Frameworks */ = {
			isa = PBXCopyFilesBuildPhase;
			buildActionMask = 2147483647;
			dstPath = "";
			dstSubfolderSpec = 10;
			files = (
				A59E545D286EAEBD00A27DCC /* XCTest.framework in Embed Frameworks */,
			);
			name = "Embed Frameworks";
			runOnlyForDeploymentPostprocessing = 0;
		};
/* End PBXCopyFilesBuildPhase section */

/* Begin PBXFileReference section */
		30EB017828A12F4700607281 /* WeatherDTO+Fixture.swift */ = {isa = PBXFileReference; lastKnownFileType = sourcecode.swift; path = "WeatherDTO+Fixture.swift"; sourceTree = "<group>"; };
		A59A5B8B2888F546004D9F79 /* MService.framework */ = {isa = PBXFileReference; explicitFileType = wrapper.framework; path = MService.framework; sourceTree = BUILT_PRODUCTS_DIR; };
		A59E53DB286EA1A600A27DCC /* MTestBase.framework */ = {isa = PBXFileReference; explicitFileType = wrapper.framework; includeInIndex = 0; path = MTestBase.framework; sourceTree = BUILT_PRODUCTS_DIR; };
		A59E53DE286EA1A600A27DCC /* MTestBase.h */ = {isa = PBXFileReference; lastKnownFileType = sourcecode.c.h; path = MTestBase.h; sourceTree = "<group>"; };
		A59E53DF286EA1A600A27DCC /* MTestBase.docc */ = {isa = PBXFileReference; lastKnownFileType = folder.documentationcatalog; path = MTestBase.docc; sourceTree = "<group>"; };
		A59E53E5286EA1A600A27DCC /* MTestBaseTests.xctest */ = {isa = PBXFileReference; explicitFileType = wrapper.cfbundle; includeInIndex = 0; path = MTestBaseTests.xctest; sourceTree = BUILT_PRODUCTS_DIR; };
		A59E53EA286EA1A600A27DCC /* MTestBaseTests.swift */ = {isa = PBXFileReference; lastKnownFileType = sourcecode.swift; path = MTestBaseTests.swift; sourceTree = "<group>"; };
		A59E545B286EAEBD00A27DCC /* XCTest.framework */ = {isa = PBXFileReference; lastKnownFileType = wrapper.framework; name = XCTest.framework; path = Platforms/iPhoneOS.platform/Developer/Library/Frameworks/XCTest.framework; sourceTree = DEVELOPER_DIR; };
		A59E545F286EAF9600A27DCC /* ExampleDTO+Fixture.swift */ = {isa = PBXFileReference; lastKnownFileType = sourcecode.swift; path = "ExampleDTO+Fixture.swift"; sourceTree = "<group>"; };
		A59E5461286EAFAE00A27DCC /* MModels.framework */ = {isa = PBXFileReference; explicitFileType = wrapper.framework; path = MModels.framework; sourceTree = BUILT_PRODUCTS_DIR; };
		A5FA66D82888E62A000E21A8 /* MockServiceProvider.swift */ = {isa = PBXFileReference; lastKnownFileType = sourcecode.swift; path = MockServiceProvider.swift; sourceTree = "<group>"; };
		A5FA66E12888E92F000E21A8 /* MockWeatherService.swift */ = {isa = PBXFileReference; lastKnownFileType = sourcecode.swift; path = MockWeatherService.swift; sourceTree = "<group>"; };
		A5FA66E32888EA26000E21A8 /* DummyError.swift */ = {isa = PBXFileReference; lastKnownFileType = sourcecode.swift; path = DummyError.swift; sourceTree = "<group>"; };
		E4B4702128A3524400370AFD /* MockLocationService.swift */ = {isa = PBXFileReference; lastKnownFileType = sourcecode.swift; path = MockLocationService.swift; sourceTree = "<group>"; };
/* End PBXFileReference section */

/* Begin PBXFrameworksBuildPhase section */
		A59E53D8286EA1A600A27DCC /* Frameworks */ = {
			isa = PBXFrameworksBuildPhase;
			buildActionMask = 2147483647;
			files = (
				A59A5B8C2888F546004D9F79 /* MService.framework in Frameworks */,
				A59E53FA286EA1E900A27DCC /* Quick in Frameworks */,
				A59E545C286EAEBD00A27DCC /* XCTest.framework in Frameworks */,
				A59E5462286EAFAE00A27DCC /* MModels.framework in Frameworks */,
				A59E53F7286EA1D300A27DCC /* Nimble in Frameworks */,
			);
			runOnlyForDeploymentPostprocessing = 0;
		};
		A59E53E2286EA1A600A27DCC /* Frameworks */ = {
			isa = PBXFrameworksBuildPhase;
			buildActionMask = 2147483647;
			files = (
				A59E53E6286EA1A600A27DCC /* MTestBase.framework in Frameworks */,
			);
			runOnlyForDeploymentPostprocessing = 0;
		};
/* End PBXFrameworksBuildPhase section */

/* Begin PBXGroup section */
		A59E53D1286EA1A600A27DCC = {
			isa = PBXGroup;
			children = (
				A59E53DD286EA1A600A27DCC /* MTestBase */,
				A59E53E9286EA1A600A27DCC /* MTestBaseTests */,
				A59E53DC286EA1A600A27DCC /* Products */,
				A59E545A286EAEBD00A27DCC /* Frameworks */,
			);
			sourceTree = "<group>";
		};
		A59E53DC286EA1A600A27DCC /* Products */ = {
			isa = PBXGroup;
			children = (
				A59E53DB286EA1A600A27DCC /* MTestBase.framework */,
				A59E53E5286EA1A600A27DCC /* MTestBaseTests.xctest */,
			);
			name = Products;
			sourceTree = "<group>";
		};
		A59E53DD286EA1A600A27DCC /* MTestBase */ = {
			isa = PBXGroup;
			children = (
				A59E53DF286EA1A600A27DCC /* MTestBase.docc */,
				A59E53DE286EA1A600A27DCC /* MTestBase.h */,
				A5FA66D82888E62A000E21A8 /* MockServiceProvider.swift */,
				A59E5453286EAD8A00A27DCC /* Fixture */,
				A5FA66DC2888E7B4000E21A8 /* MockDataStore */,
				A5FA66DE2888E7C7000E21A8 /* MockServices */,
				A5FA66E32888EA26000E21A8 /* DummyError.swift */,
			);
			path = MTestBase;
			sourceTree = "<group>";
		};
		A59E53E9286EA1A600A27DCC /* MTestBaseTests */ = {
			isa = PBXGroup;
			children = (
				A59E53EA286EA1A600A27DCC /* MTestBaseTests.swift */,
			);
			path = MTestBaseTests;
			sourceTree = "<group>";
		};
		A59E5453286EAD8A00A27DCC /* Fixture */ = {
			isa = PBXGroup;
			children = (
				A59E545F286EAF9600A27DCC /* ExampleDTO+Fixture.swift */,
				30EB017828A12F4700607281 /* WeatherDTO+Fixture.swift */,
			);
			path = Fixture;
			sourceTree = "<group>";
		};
		A59E545A286EAEBD00A27DCC /* Frameworks */ = {
			isa = PBXGroup;
			children = (
				A59A5B8B2888F546004D9F79 /* MService.framework */,
				A59E5461286EAFAE00A27DCC /* MModels.framework */,
				A59E545B286EAEBD00A27DCC /* XCTest.framework */,
			);
			name = Frameworks;
			sourceTree = "<group>";
		};
		A5FA66DC2888E7B4000E21A8 /* MockDataStore */ = {
			isa = PBXGroup;
			children = (
			);
			path = MockDataStore;
			sourceTree = "<group>";
		};
		A5FA66DE2888E7C7000E21A8 /* MockServices */ = {
			isa = PBXGroup;
			children = (
				A5FA66E12888E92F000E21A8 /* MockWeatherService.swift */,
				E4B4702128A3524400370AFD /* MockLocationService.swift */,
			);
			path = MockServices;
			sourceTree = "<group>";
		};
/* End PBXGroup section */

/* Begin PBXHeadersBuildPhase section */
		A59E53D6286EA1A600A27DCC /* Headers */ = {
			isa = PBXHeadersBuildPhase;
			buildActionMask = 2147483647;
			files = (
				A59E53EC286EA1A600A27DCC /* MTestBase.h in Headers */,
			);
			runOnlyForDeploymentPostprocessing = 0;
		};
/* End PBXHeadersBuildPhase section */

/* Begin PBXNativeTarget section */
		A59E53DA286EA1A600A27DCC /* MTestBase */ = {
			isa = PBXNativeTarget;
			buildConfigurationList = A59E53EF286EA1A600A27DCC /* Build configuration list for PBXNativeTarget "MTestBase" */;
			buildPhases = (
				A59E53D6286EA1A600A27DCC /* Headers */,
				A59E53D7286EA1A600A27DCC /* Sources */,
				A59E53D8286EA1A600A27DCC /* Frameworks */,
				A59E53D9286EA1A600A27DCC /* Resources */,
				A59E545E286EAEBD00A27DCC /* Embed Frameworks */,
			);
			buildRules = (
			);
			dependencies = (
			);
			name = MTestBase;
			packageProductDependencies = (
				A59E53F6286EA1D300A27DCC /* Nimble */,
				A59E53F9286EA1E900A27DCC /* Quick */,
			);
			productName = MTestBase;
			productReference = A59E53DB286EA1A600A27DCC /* MTestBase.framework */;
			productType = "com.apple.product-type.framework";
		};
		A59E53E4286EA1A600A27DCC /* MTestBaseTests */ = {
			isa = PBXNativeTarget;
			buildConfigurationList = A59E53F2286EA1A600A27DCC /* Build configuration list for PBXNativeTarget "MTestBaseTests" */;
			buildPhases = (
				A59E53E1286EA1A600A27DCC /* Sources */,
				A59E53E2286EA1A600A27DCC /* Frameworks */,
				A59E53E3286EA1A600A27DCC /* Resources */,
			);
			buildRules = (
			);
			dependencies = (
				A59E53E8286EA1A600A27DCC /* PBXTargetDependency */,
			);
			name = MTestBaseTests;
			productName = MTestBaseTests;
			productReference = A59E53E5286EA1A600A27DCC /* MTestBaseTests.xctest */;
			productType = "com.apple.product-type.bundle.unit-test";
		};
/* End PBXNativeTarget section */

/* Begin PBXProject section */
		A59E53D2286EA1A600A27DCC /* Project object */ = {
			isa = PBXProject;
			attributes = {
				BuildIndependentTargetsInParallel = 1;
				LastSwiftUpdateCheck = 1330;
				LastUpgradeCheck = 1330;
				TargetAttributes = {
					A59E53DA286EA1A600A27DCC = {
						CreatedOnToolsVersion = 13.3.1;
					};
					A59E53E4286EA1A600A27DCC = {
						CreatedOnToolsVersion = 13.3.1;
					};
				};
			};
			buildConfigurationList = A59E53D5286EA1A600A27DCC /* Build configuration list for PBXProject "MTestBase" */;
			compatibilityVersion = "Xcode 13.0";
			developmentRegion = en;
			hasScannedForEncodings = 0;
			knownRegions = (
				en,
				Base,
			);
			mainGroup = A59E53D1286EA1A600A27DCC;
			packageReferences = (
				A59E53F5286EA1D300A27DCC /* XCRemoteSwiftPackageReference "Nimble" */,
				A59E53F8286EA1E900A27DCC /* XCRemoteSwiftPackageReference "Quick" */,
			);
			productRefGroup = A59E53DC286EA1A600A27DCC /* Products */;
			projectDirPath = "";
			projectRoot = "";
			targets = (
				A59E53DA286EA1A600A27DCC /* MTestBase */,
				A59E53E4286EA1A600A27DCC /* MTestBaseTests */,
			);
		};
/* End PBXProject section */

/* Begin PBXResourcesBuildPhase section */
		A59E53D9286EA1A600A27DCC /* Resources */ = {
			isa = PBXResourcesBuildPhase;
			buildActionMask = 2147483647;
			files = (
			);
			runOnlyForDeploymentPostprocessing = 0;
		};
		A59E53E3286EA1A600A27DCC /* Resources */ = {
			isa = PBXResourcesBuildPhase;
			buildActionMask = 2147483647;
			files = (
			);
			runOnlyForDeploymentPostprocessing = 0;
		};
/* End PBXResourcesBuildPhase section */

/* Begin PBXSourcesBuildPhase section */
		A59E53D7286EA1A600A27DCC /* Sources */ = {
			isa = PBXSourcesBuildPhase;
			buildActionMask = 2147483647;
			files = (
				E4B4702228A3524400370AFD /* MockLocationService.swift in Sources */,
				A5FA66E42888EA26000E21A8 /* DummyError.swift in Sources */,
				A5FA66D92888E62A000E21A8 /* MockServiceProvider.swift in Sources */,
				A5FA66E22888E92F000E21A8 /* MockWeatherService.swift in Sources */,
				A59E5460286EAF9600A27DCC /* ExampleDTO+Fixture.swift in Sources */,
				30EB017928A12F4700607281 /* WeatherDTO+Fixture.swift in Sources */,
				A59E53E0286EA1A600A27DCC /* MTestBase.docc in Sources */,
			);
			runOnlyForDeploymentPostprocessing = 0;
		};
		A59E53E1286EA1A600A27DCC /* Sources */ = {
			isa = PBXSourcesBuildPhase;
			buildActionMask = 2147483647;
			files = (
				A59E53EB286EA1A600A27DCC /* MTestBaseTests.swift in Sources */,
			);
			runOnlyForDeploymentPostprocessing = 0;
		};
/* End PBXSourcesBuildPhase section */

/* Begin PBXTargetDependency section */
		A59E53E8286EA1A600A27DCC /* PBXTargetDependency */ = {
			isa = PBXTargetDependency;
			target = A59E53DA286EA1A600A27DCC /* MTestBase */;
			targetProxy = A59E53E7286EA1A600A27DCC /* PBXContainerItemProxy */;
		};
/* End PBXTargetDependency section */

/* Begin XCBuildConfiguration section */
		A59E53ED286EA1A600A27DCC /* Debug */ = {
			isa = XCBuildConfiguration;
			buildSettings = {
				ALWAYS_SEARCH_USER_PATHS = NO;
				BUILD_LIBRARY_FOR_DISTRIBUTION = NO;
				CLANG_ANALYZER_NONNULL = YES;
				CLANG_ANALYZER_NUMBER_OBJECT_CONVERSION = YES_AGGRESSIVE;
				CLANG_CXX_LANGUAGE_STANDARD = "gnu++17";
				CLANG_ENABLE_MODULES = YES;
				CLANG_ENABLE_OBJC_ARC = YES;
				CLANG_ENABLE_OBJC_WEAK = YES;
				CLANG_WARN_BLOCK_CAPTURE_AUTORELEASING = YES;
				CLANG_WARN_BOOL_CONVERSION = YES;
				CLANG_WARN_COMMA = YES;
				CLANG_WARN_CONSTANT_CONVERSION = YES;
				CLANG_WARN_DEPRECATED_OBJC_IMPLEMENTATIONS = YES;
				CLANG_WARN_DIRECT_OBJC_ISA_USAGE = YES_ERROR;
				CLANG_WARN_DOCUMENTATION_COMMENTS = YES;
				CLANG_WARN_EMPTY_BODY = YES;
				CLANG_WARN_ENUM_CONVERSION = YES;
				CLANG_WARN_INFINITE_RECURSION = YES;
				CLANG_WARN_INT_CONVERSION = YES;
				CLANG_WARN_NON_LITERAL_NULL_CONVERSION = YES;
				CLANG_WARN_OBJC_IMPLICIT_RETAIN_SELF = YES;
				CLANG_WARN_OBJC_LITERAL_CONVERSION = YES;
				CLANG_WARN_OBJC_ROOT_CLASS = YES_ERROR;
				CLANG_WARN_QUOTED_INCLUDE_IN_FRAMEWORK_HEADER = YES;
				CLANG_WARN_RANGE_LOOP_ANALYSIS = YES;
				CLANG_WARN_STRICT_PROTOTYPES = YES;
				CLANG_WARN_SUSPICIOUS_MOVE = YES;
				CLANG_WARN_UNGUARDED_AVAILABILITY = YES_AGGRESSIVE;
				CLANG_WARN_UNREACHABLE_CODE = YES;
				CLANG_WARN__DUPLICATE_METHOD_MATCH = YES;
				COPY_PHASE_STRIP = NO;
				CURRENT_PROJECT_VERSION = 1;
				DEBUG_INFORMATION_FORMAT = dwarf;
				ENABLE_STRICT_OBJC_MSGSEND = YES;
				ENABLE_TESTABILITY = YES;
				GCC_C_LANGUAGE_STANDARD = gnu11;
				GCC_DYNAMIC_NO_PIC = NO;
				GCC_NO_COMMON_BLOCKS = YES;
				GCC_OPTIMIZATION_LEVEL = 0;
				GCC_PREPROCESSOR_DEFINITIONS = (
					"DEBUG=1",
					"$(inherited)",
				);
				GCC_WARN_64_TO_32_BIT_CONVERSION = YES;
				GCC_WARN_ABOUT_RETURN_TYPE = YES_ERROR;
				GCC_WARN_UNDECLARED_SELECTOR = YES;
				GCC_WARN_UNINITIALIZED_AUTOS = YES_AGGRESSIVE;
				GCC_WARN_UNUSED_FUNCTION = YES;
				GCC_WARN_UNUSED_VARIABLE = YES;
				IPHONEOS_DEPLOYMENT_TARGET = 13.0;
				MTL_ENABLE_DEBUG_INFO = INCLUDE_SOURCE;
				MTL_FAST_MATH = YES;
				ONLY_ACTIVE_ARCH = YES;
				SDKROOT = iphoneos;
				SWIFT_ACTIVE_COMPILATION_CONDITIONS = DEBUG;
				SWIFT_OPTIMIZATION_LEVEL = "-Onone";
				VERSIONING_SYSTEM = "apple-generic";
				VERSION_INFO_PREFIX = "";
			};
			name = Debug;
		};
		A59E53EE286EA1A600A27DCC /* Release */ = {
			isa = XCBuildConfiguration;
			buildSettings = {
				ALWAYS_SEARCH_USER_PATHS = NO;
				BUILD_LIBRARY_FOR_DISTRIBUTION = YES;
				CLANG_ANALYZER_NONNULL = YES;
				CLANG_ANALYZER_NUMBER_OBJECT_CONVERSION = YES_AGGRESSIVE;
				CLANG_CXX_LANGUAGE_STANDARD = "gnu++17";
				CLANG_ENABLE_MODULES = YES;
				CLANG_ENABLE_OBJC_ARC = YES;
				CLANG_ENABLE_OBJC_WEAK = YES;
				CLANG_WARN_BLOCK_CAPTURE_AUTORELEASING = YES;
				CLANG_WARN_BOOL_CONVERSION = YES;
				CLANG_WARN_COMMA = YES;
				CLANG_WARN_CONSTANT_CONVERSION = YES;
				CLANG_WARN_DEPRECATED_OBJC_IMPLEMENTATIONS = YES;
				CLANG_WARN_DIRECT_OBJC_ISA_USAGE = YES_ERROR;
				CLANG_WARN_DOCUMENTATION_COMMENTS = YES;
				CLANG_WARN_EMPTY_BODY = YES;
				CLANG_WARN_ENUM_CONVERSION = YES;
				CLANG_WARN_INFINITE_RECURSION = YES;
				CLANG_WARN_INT_CONVERSION = YES;
				CLANG_WARN_NON_LITERAL_NULL_CONVERSION = YES;
				CLANG_WARN_OBJC_IMPLICIT_RETAIN_SELF = YES;
				CLANG_WARN_OBJC_LITERAL_CONVERSION = YES;
				CLANG_WARN_OBJC_ROOT_CLASS = YES_ERROR;
				CLANG_WARN_QUOTED_INCLUDE_IN_FRAMEWORK_HEADER = YES;
				CLANG_WARN_RANGE_LOOP_ANALYSIS = YES;
				CLANG_WARN_STRICT_PROTOTYPES = YES;
				CLANG_WARN_SUSPICIOUS_MOVE = YES;
				CLANG_WARN_UNGUARDED_AVAILABILITY = YES_AGGRESSIVE;
				CLANG_WARN_UNREACHABLE_CODE = YES;
				CLANG_WARN__DUPLICATE_METHOD_MATCH = YES;
				COPY_PHASE_STRIP = NO;
				CURRENT_PROJECT_VERSION = 1;
				DEBUG_INFORMATION_FORMAT = "dwarf-with-dsym";
				ENABLE_NS_ASSERTIONS = NO;
				ENABLE_STRICT_OBJC_MSGSEND = YES;
				GCC_C_LANGUAGE_STANDARD = gnu11;
				GCC_NO_COMMON_BLOCKS = YES;
				GCC_WARN_64_TO_32_BIT_CONVERSION = YES;
				GCC_WARN_ABOUT_RETURN_TYPE = YES_ERROR;
				GCC_WARN_UNDECLARED_SELECTOR = YES;
				GCC_WARN_UNINITIALIZED_AUTOS = YES_AGGRESSIVE;
				GCC_WARN_UNUSED_FUNCTION = YES;
				GCC_WARN_UNUSED_VARIABLE = YES;
				IPHONEOS_DEPLOYMENT_TARGET = 13.0;
				MTL_ENABLE_DEBUG_INFO = NO;
				MTL_FAST_MATH = YES;
				SDKROOT = iphoneos;
				SWIFT_COMPILATION_MODE = wholemodule;
				SWIFT_OPTIMIZATION_LEVEL = "-O";
				VALIDATE_PRODUCT = YES;
				VERSIONING_SYSTEM = "apple-generic";
				VERSION_INFO_PREFIX = "";
			};
			name = Release;
		};
		A59E53F0286EA1A600A27DCC /* Debug */ = {
			isa = XCBuildConfiguration;
			buildSettings = {
				CODE_SIGN_STYLE = Manual;
				CURRENT_PROJECT_VERSION = 1;
				DEFINES_MODULE = YES;
				DEVELOPMENT_TEAM = "";
				DYLIB_COMPATIBILITY_VERSION = 1;
				DYLIB_CURRENT_VERSION = 1;
				DYLIB_INSTALL_NAME_BASE = "@rpath";
				GENERATE_INFOPLIST_FILE = YES;
				INFOPLIST_KEY_NSHumanReadableCopyright = "";
				INSTALL_PATH = "$(LOCAL_LIBRARY_DIR)/Frameworks";
				IPHONEOS_DEPLOYMENT_TARGET = 13.0;
				LD_RUNPATH_SEARCH_PATHS = (
					"$(inherited)",
					"@executable_path/Frameworks",
					"@loader_path/Frameworks",
				);
				MARKETING_VERSION = 1.0;
				PRODUCT_BUNDLE_IDENTIFIER = "com.supremetech.ios-template.MTestBase";
				PRODUCT_NAME = "$(TARGET_NAME:c99extidentifier)";
				PROVISIONING_PROFILE_SPECIFIER = "";
				SKIP_INSTALL = YES;
				SUPPORTS_MACCATALYST = NO;
				SWIFT_EMIT_LOC_STRINGS = YES;
				SWIFT_VERSION = 5.0;
				TARGETED_DEVICE_FAMILY = "1,2";
			};
			name = Debug;
		};
		A59E53F1286EA1A600A27DCC /* Release */ = {
			isa = XCBuildConfiguration;
			buildSettings = {
				CODE_SIGN_STYLE = Manual;
				CURRENT_PROJECT_VERSION = 1;
				DEFINES_MODULE = YES;
				DEVELOPMENT_TEAM = "";
				DYLIB_COMPATIBILITY_VERSION = 1;
				DYLIB_CURRENT_VERSION = 1;
				DYLIB_INSTALL_NAME_BASE = "@rpath";
				GENERATE_INFOPLIST_FILE = YES;
				INFOPLIST_KEY_NSHumanReadableCopyright = "";
				INSTALL_PATH = "$(LOCAL_LIBRARY_DIR)/Frameworks";
				IPHONEOS_DEPLOYMENT_TARGET = 13.0;
				LD_RUNPATH_SEARCH_PATHS = (
					"$(inherited)",
					"@executable_path/Frameworks",
					"@loader_path/Frameworks",
				);
				MARKETING_VERSION = 1.0;
				PRODUCT_BUNDLE_IDENTIFIER = "com.supremetech.ios-template.MTestBase";
				PRODUCT_NAME = "$(TARGET_NAME:c99extidentifier)";
				PROVISIONING_PROFILE_SPECIFIER = "";
				SKIP_INSTALL = YES;
				SUPPORTS_MACCATALYST = NO;
				SWIFT_EMIT_LOC_STRINGS = YES;
				SWIFT_VERSION = 5.0;
				TARGETED_DEVICE_FAMILY = "1,2";
			};
			name = Release;
		};
		A59E53F3286EA1A600A27DCC /* Debug */ = {
			isa = XCBuildConfiguration;
			buildSettings = {
				ALWAYS_EMBED_SWIFT_STANDARD_LIBRARIES = YES;
				CODE_SIGN_STYLE = Automatic;
				CURRENT_PROJECT_VERSION = 1;
				GENERATE_INFOPLIST_FILE = YES;
				MARKETING_VERSION = 1.0;
				PRODUCT_BUNDLE_IDENTIFIER = "com.supremetech.ios-template.MTestBaseTests";
				PRODUCT_NAME = "$(TARGET_NAME)";
				SWIFT_EMIT_LOC_STRINGS = NO;
				SWIFT_VERSION = 5.0;
				TARGETED_DEVICE_FAMILY = "1,2";
			};
			name = Debug;
		};
		A59E53F4286EA1A600A27DCC /* Release */ = {
			isa = XCBuildConfiguration;
			buildSettings = {
				ALWAYS_EMBED_SWIFT_STANDARD_LIBRARIES = YES;
				CODE_SIGN_STYLE = Automatic;
				CURRENT_PROJECT_VERSION = 1;
				GENERATE_INFOPLIST_FILE = YES;
				MARKETING_VERSION = 1.0;
				PRODUCT_BUNDLE_IDENTIFIER = "com.supremetech.ios-template.MTestBaseTests";
				PRODUCT_NAME = "$(TARGET_NAME)";
				SWIFT_EMIT_LOC_STRINGS = NO;
				SWIFT_VERSION = 5.0;
				TARGETED_DEVICE_FAMILY = "1,2";
			};
			name = Release;
		};
/* End XCBuildConfiguration section */

/* Begin XCConfigurationList section */
		A59E53D5286EA1A600A27DCC /* Build configuration list for PBXProject "MTestBase" */ = {
			isa = XCConfigurationList;
			buildConfigurations = (
				A59E53ED286EA1A600A27DCC /* Debug */,
				A59E53EE286EA1A600A27DCC /* Release */,
			);
			defaultConfigurationIsVisible = 0;
			defaultConfigurationName = Release;
		};
		A59E53EF286EA1A600A27DCC /* Build configuration list for PBXNativeTarget "MTestBase" */ = {
			isa = XCConfigurationList;
			buildConfigurations = (
				A59E53F0286EA1A600A27DCC /* Debug */,
				A59E53F1286EA1A600A27DCC /* Release */,
			);
			defaultConfigurationIsVisible = 0;
			defaultConfigurationName = Release;
		};
		A59E53F2286EA1A600A27DCC /* Build configuration list for PBXNativeTarget "MTestBaseTests" */ = {
			isa = XCConfigurationList;
			buildConfigurations = (
				A59E53F3286EA1A600A27DCC /* Debug */,
				A59E53F4286EA1A600A27DCC /* Release */,
			);
			defaultConfigurationIsVisible = 0;
			defaultConfigurationName = Release;
		};
/* End XCConfigurationList section */

/* Begin XCRemoteSwiftPackageReference section */
		A59E53F5286EA1D300A27DCC /* XCRemoteSwiftPackageReference "Nimble" */ = {
			isa = XCRemoteSwiftPackageReference;
			repositoryURL = "https://github.com/Quick/Nimble";
			requirement = {
				kind = upToNextMajorVersion;
				minimumVersion = 9.0.0;
			};
		};
		A59E53F8286EA1E900A27DCC /* XCRemoteSwiftPackageReference "Quick" */ = {
			isa = XCRemoteSwiftPackageReference;
			repositoryURL = "https://github.com/Quick/Quick";
			requirement = {
				kind = upToNextMajorVersion;
				minimumVersion = 3.0.0;
			};
		};
/* End XCRemoteSwiftPackageReference section */

/* Begin XCSwiftPackageProductDependency section */
		A59E53F6286EA1D300A27DCC /* Nimble */ = {
			isa = XCSwiftPackageProductDependency;
			package = A59E53F5286EA1D300A27DCC /* XCRemoteSwiftPackageReference "Nimble" */;
			productName = Nimble;
		};
		A59E53F9286EA1E900A27DCC /* Quick */ = {
			isa = XCSwiftPackageProductDependency;
			package = A59E53F8286EA1E900A27DCC /* XCRemoteSwiftPackageReference "Quick" */;
			productName = Quick;
		};
/* End XCSwiftPackageProductDependency section */
	};
	rootObject = A59E53D2286EA1A600A27DCC /* Project object */;
}
